
<Scheme version="1.3" LastUpgradeVersion="1000">
    <BuildAction parallelizeBuildables="NO" buildImplicitDependencies="YES">
        <BuildActionEntries>
            <BuildActionEntry buildForAnalyzing="YES" buildForRunning="YES" buildForProfiling="YES" buildForArchiving="YES" buildForTesting="YES">
                <BuildableReference BuildableName="WatchApplication.app" BlueprintName="WatchApplication" BlueprintIdentifier="7E9AFE6249D7FF7A00000000" ReferencedContainer="container:WatchProject.xcodeproj" BuildableIdentifier="primary"></BuildableReference>
            </BuildActionEntry>
            <BuildActionEntry buildForAnalyzing="YES" buildForRunning="YES" buildForProfiling="YES" buildForArchiving="YES" buildForTesting="YES">
                <BuildableReference BuildableName="Application.app" BlueprintName="Application" BlueprintIdentifier="7E9AFE6267D9455000000000" ReferencedContainer="container:WatchProject.xcodeproj" BuildableIdentifier="primary"></BuildableReference>
            </BuildActionEntry>
        </BuildActionEntries>
    </BuildAction>
    <TestAction shouldUseLaunchSchemeArgsEnv="YES" selectedLauncherIdentifier="Xcode.DebuggerFoundation.Launcher.LLDB" customLLDBInitFile="$(PROJECT_FILE_PATH)/.tulsi/Utils/lldbinit" selectedDebuggerIdentifier="Xcode.DebuggerFoundation.Debugger.LLDB" buildConfiguration="__TulsiTestRunner_Debug">
        <Testables></Testables>
        <RemoteRunnable RemotePath="/WatchApplication" BundleIdentifier="com.apple.carousel" runnableDebuggingMode="2">
            <BuildableReference BuildableName="WatchApplication.app" BlueprintName="WatchApplication" BlueprintIdentifier="7E9AFE6249D7FF7A00000000" ReferencedContainer="container:WatchProject.xcodeproj" BuildableIdentifier="primary"></BuildableReference>
        </RemoteRunnable>
    </TestAction>
    <LaunchAction debugServiceExtension="internal" selectedLauncherIdentifier="Xcode.DebuggerFoundation.Launcher.LLDB" selectedDebuggerIdentifier="Xcode.DebuggerFoundation.Debugger.LLDB" buildConfiguration="Debug" debugDocumentVersioning="YES" launchStyle="0" ignoresPersistentStateOnLaunch="NO" allowLocationSimulation="YES" customLLDBInitFile="$(PROJECT_FILE_PATH)/.tulsi/Utils/lldbinit" useCustomWorkingDirectory="NO">
        <EnvironmentVariables></EnvironmentVariables>
        <RemoteRunnable RemotePath="/WatchApplication" BundleIdentifier="com.apple.carousel" runnableDebuggingMode="2">
            <BuildableReference BuildableName="WatchApplication.app" BlueprintName="WatchApplication" BlueprintIdentifier="7E9AFE6249D7FF7A00000000" ReferencedContainer="container:WatchProject.xcodeproj" BuildableIdentifier="primary"></BuildableReference>
        </RemoteRunnable>
    </LaunchAction>
    <ProfileAction useCustomWorkingDirectory="NO" shouldUseLaunchSchemeArgsEnv="YES" debugDocumentVersioning="YES" buildConfiguration="__TulsiTestRunner_Release">
        <RemoteRunnable RemotePath="/WatchApplication" BundleIdentifier="com.apple.carousel" runnableDebuggingMode="2">
            <BuildableReference BuildableName="WatchApplication.app" BlueprintName="WatchApplication" BlueprintIdentifier="7E9AFE6249D7FF7A00000000" ReferencedContainer="container:WatchProject.xcodeproj" BuildableIdentifier="primary"></BuildableReference>
        </RemoteRunnable>
    </ProfileAction>
    <AnalyzeAction buildConfiguration="Debug"></AnalyzeAction>
    <ArchiveAction revealArchiveInOrganizer="YES" buildConfiguration="Release"></ArchiveAction>
</Scheme>