
<Scheme LastUpgradeVersion="0610" version="1.3">
    <BuildAction parallelizeBuildables="NO" buildImplicitDependencies="YES">
        <BuildActionEntries>
            <BuildActionEntry buildForArchiving="YES" buildForAnalyzing="YES" buildForTesting="YES" buildForRunning="YES" buildForProfiling="YES">
                <BuildableReference BlueprintIdentifier="3D31C5E618CF8FA800000000" BuildableIdentifier="primary" BuildableName="Watch2Extension" BlueprintName="Watch2Extension" ReferencedContainer="container:ComplexSingleProject.xcodeproj"></BuildableReference>
            </BuildActionEntry>
            <BuildActionEntry buildForArchiving="YES" buildForAnalyzing="YES" buildForTesting="YES" buildForRunning="YES" buildForProfiling="YES">
                <BuildableReference BlueprintIdentifier="3D31C5E6C9760C9E00000000" BuildableIdentifier="primary" BuildableName="_tulsi_appex_Watch2Extension" BlueprintName="_tulsi_appex_Watch2Extension" ReferencedContainer="container:ComplexSingleProject.xcodeproj"></BuildableReference>
            </BuildActionEntry>
            <BuildActionEntry buildForArchiving="YES" buildForAnalyzing="YES" buildForTesting="YES" buildForRunning="YES" buildForProfiling="YES">
                <BuildableReference BlueprintIdentifier="3D31C5E66B144ABC00000000" BuildableIdentifier="primary" BuildableName="Application" BlueprintName="Application" ReferencedContainer="container:ComplexSingleProject.xcodeproj"></BuildableReference>
            </BuildActionEntry>
            <BuildActionEntry buildForArchiving="NO" buildForAnalyzing="YES" buildForTesting="NO" buildForRunning="NO" buildForProfiling="NO">
                <BuildableReference BlueprintIdentifier="3D31C5E656E3F8DE00000000" BuildableIdentifier="primary" BuildableName="_idx_NonPropagatedLibrary_CoreDataResources_Watch2ExtensionBinary_B80CA598" BlueprintName="_idx_NonPropagatedLibrary_CoreDataResources_Watch2ExtensionBinary_B80CA598" ReferencedContainer="container:ComplexSingleProject.xcodeproj"></BuildableReference>
            </BuildActionEntry>
        </BuildActionEntries>
    </BuildAction>
    <TestAction shouldUseLaunchSchemeArgsEnv="YES" selectedLauncherIdentifier="Xcode.DebuggerFoundation.Launcher.LLDB" selectedDebuggerIdentifier="Xcode.DebuggerFoundation.Debugger.LLDB" buildConfiguration="__TulsiTestRunner_Debug">
        <Testables></Testables>
        <MacroExpansion>
            <BuildableReference BlueprintIdentifier="3D31C5E618CF8FA800000000" BuildableIdentifier="primary" BuildableName="Watch2Extension" BlueprintName="Watch2Extension" ReferencedContainer="container:ComplexSingleProject.xcodeproj"></BuildableReference>
        </MacroExpansion>
    </TestAction>
    <LaunchAction debugServiceExtension="internal" selectedLauncherIdentifier="Xcode.DebuggerFoundation.Launcher.LLDB" ignoresPersistentStateOnLaunch="NO" debugDocumentVersioning="YES" launchStyle="0" allowLocationSimulation="YES" useCustomWorkingDirectory="NO" selectedDebuggerIdentifier="Xcode.DebuggerFoundation.Debugger.LLDB" buildConfiguration="Debug">
        <EnvironmentVariables>
            <EnvironmentVariable isEnabled="YES" key="OS_ACTIVITY_MODE" value="disable"></EnvironmentVariable>
        </EnvironmentVariables>
        <RemoteRunnable BundleIdentifier="com.apple.carousel" RemotePath="/Watch2Extension" runnableDebuggingMode="2">
            <BuildableReference BlueprintIdentifier="3D31C5E618CF8FA800000000" BuildableIdentifier="primary" BuildableName="Watch2Extension" BlueprintName="Watch2Extension" ReferencedContainer="container:ComplexSingleProject.xcodeproj"></BuildableReference>
        </RemoteRunnable>
    </LaunchAction>
    <ProfileAction shouldUseLaunchSchemeArgsEnv="YES" useCustomWorkingDirectory="NO" debugDocumentVersioning="YES" buildConfiguration="__TulsiTestRunner_Release">
        <RemoteRunnable BundleIdentifier="com.apple.carousel" RemotePath="/Watch2Extension" runnableDebuggingMode="2">
            <BuildableReference BlueprintIdentifier="3D31C5E618CF8FA800000000" BuildableIdentifier="primary" BuildableName="Watch2Extension" BlueprintName="Watch2Extension" ReferencedContainer="container:ComplexSingleProject.xcodeproj"></BuildableReference>
        </RemoteRunnable>
    </ProfileAction>
    <AnalyzeAction buildConfiguration="Debug"></AnalyzeAction>
    <ArchiveAction revealArchiveInOrganizer="YES" buildConfiguration="Release"></ArchiveAction>
</Scheme>