// !$*UTF8*$!
{
	archiveVersion = 1;
	classes = {
	};
	objectVersion = 46;
	objects = {

/* Begin PBXBuildFile section */
		952C886D295E8D8E00000000 /* watch2_extension_binary.m in srcs */ = {isa = PBXBuildFile; fileRef = 25889F7C295E8D8E00000000 /* watch2_extension_binary.m */; };
		952C886D9FFA61B100000000 /* main.m in srcs */ = {isa = PBXBuildFile; fileRef = 25889F7C9FFA61B100000000 /* main.m */; };
/* End PBXBuildFile section */

/* Begin PBXContainerItemProxy section */
		30E8372A85D2BDA300000000 /* PBXContainerItemProxy */ = {
			isa = PBXContainerItemProxy;
			containerPortal = 9034464B75F0863000000000 /* Project object */;
			proxyType = 1;
			remoteGlobalIDString = 7E9AFE6285D2BDA200000000;
		};
		30E8372A9734745D00000000 /* PBXContainerItemProxy */ = {
			isa = PBXContainerItemProxy;
			containerPortal = 9034464B75F0863000000000 /* Project object */;
			proxyType = 1;
			remoteGlobalIDString = 01F2CBCF9734745C00000000;
		};
/* End PBXContainerItemProxy section */

/* Begin PBXFileReference section */
		25889F7C0C556C9200000000 /* lib_idx_ApplicationLibrary_B45268BB_ios_min10.0.a */ = {isa = PBXFileReference; explicitFileType = archive.ar; name = lib_idx_ApplicationLibrary_B45268BB_ios_min10.0.a; path = lib_idx_ApplicationLibrary_B45268BB_ios_min10.0.a; sourceTree = BUILT_PRODUCTS_DIR; };
		25889F7C0E6614C000000000 /* ext_resources.file */ = {isa = PBXFileReference; lastKnownFileType = dyn.age80q4pqqy; name = ext_resources.file; path = "tulsi-workspace/tulsi_e2e_watch/Watch2Extension/ext_resources.file"; sourceTree = "<group>"; };
		25889F7C11BBAF6C00000000 /* Info.plist */ = {isa = PBXFileReference; lastKnownFileType = text.plist; name = Info.plist; path = "tulsi-workspace/tulsi_e2e_watch/Application/Info.plist"; sourceTree = "<group>"; };
		25889F7C1CA7A4F200000000 /* Info.plist */ = {isa = PBXFileReference; explicitFileType = text.plist; name = Info.plist; path = "tulsi-workspace/bazel-tulsi-includes/x/x/tulsi_e2e_watch/WatchApplication-intermediates/Info.plist"; sourceTree = "<group>"; };
		25889F7C1CE4D8AB00000000 /* Info.plist */ = {isa = PBXFileReference; explicitFileType = text.plist; name = Info.plist; path = "tulsi-workspace/bazel-tulsi-includes/x/x/tulsi_e2e_watch/WatchExtension-intermediates/Info.plist"; sourceTree = "<group>"; };
		25889F7C209FA0FE00000000 /* WatchExtension.appex */ = {isa = PBXFileReference; explicitFileType = "wrapper.app-extension"; name = WatchExtension.appex; path = WatchExtension.appex; sourceTree = BUILT_PRODUCTS_DIR; };
		25889F7C295E8D8E00000000 /* watch2_extension_binary.m */ = {isa = PBXFileReference; lastKnownFileType = sourcecode.c.objc; name = watch2_extension_binary.m; path = "tulsi-workspace/tulsi_e2e_watch/Watch2ExtensionBinary/srcs/watch2_extension_binary.m"; sourceTree = "<group>"; };
		25889F7C35DA0F1D00000000 /* ext_entitlements.entitlements */ = {isa = PBXFileReference; lastKnownFileType = "com.apple.xcode.entitlements-property-list"; name = ext_entitlements.entitlements; path = "tulsi-workspace/tulsi_e2e_watch/Watch2Extension/ext_entitlements.entitlements"; sourceTree = "<group>"; };
		25889F7C4DAFC77200000000 /* WatchApplication.app */ = {isa = PBXFileReference; explicitFileType = wrapper.application; name = WatchApplication.app; path = WatchApplication.app; sourceTree = BUILT_PRODUCTS_DIR; };
		25889F7C69FDDDAB00000000 /* Info.plist */ = {isa = PBXFileReference; lastKnownFileType = text.plist; name = Info.plist; path = "tulsi-workspace/tulsi_e2e_watch/Watch2Extension/ext_infoplists/Info.plist"; sourceTree = "<group>"; };
		25889F7C6CA77FEE00000000 /* entitlements.entitlements */ = {isa = PBXFileReference; lastKnownFileType = "com.apple.xcode.entitlements-property-list"; name = entitlements.entitlements; path = "tulsi-workspace/tulsi_e2e_watch/Application/entitlements.entitlements"; sourceTree = "<group>"; };
		25889F7C6EE78B0C00000000 /* lib_idx_WatchExtensionLibrary_2A5269B8_watchos_min3.0.a */ = {isa = PBXFileReference; explicitFileType = archive.ar; name = lib_idx_WatchExtensionLibrary_2A5269B8_watchos_min3.0.a; path = lib_idx_WatchExtensionLibrary_2A5269B8_watchos_min3.0.a; sourceTree = BUILT_PRODUCTS_DIR; };
		25889F7C97FBB66F00000000 /* Info.plist */ = {isa = PBXFileReference; lastKnownFileType = text.plist; name = Info.plist; path = "tulsi-workspace/tulsi_e2e_watch/Watch2Extension/app_infoplists/Info.plist"; sourceTree = "<group>"; };
		25889F7C9FFA61B100000000 /* main.m */ = {isa = PBXFileReference; lastKnownFileType = sourcecode.c.objc; name = main.m; path = "tulsi-workspace/tulsi_e2e_watch/Library/srcs/main.m"; sourceTree = "<group>"; };
		25889F7CAC45F02F00000000 /* Info.plist */ = {isa = PBXFileReference; explicitFileType = text.plist; name = Info.plist; path = "tulsi-workspace/bazel-tulsi-includes/x/x/tulsi_e2e_watch/Application-intermediates/Info.plist"; sourceTree = "<group>"; };
		25889F7CCCCE004E00000000 /* Application.app */ = {isa = PBXFileReference; explicitFileType = wrapper.application; name = Application.app; path = Application.app; sourceTree = BUILT_PRODUCTS_DIR; };
		25889F7CE643C43000000000 /* Interface.storyboard */ = {isa = PBXFileReference; lastKnownFileType = file.storyboard; name = Interface.storyboard; path = "tulsi-workspace/tulsi_e2e_watch/Watch2Extension/Interface.storyboard"; sourceTree = "<group>"; };
		25889F7CEB058C2A00000000 /* BUILD */ = {isa = PBXFileReference; lastKnownFileType = text; name = BUILD; path = tulsi_e2e_watch/BUILD; sourceTree = "<group>"; xcLanguageSpecificationIdentifier = xcode.lang.python; };
/* End PBXFileReference section */

/* Begin PBXGroup section */
		45D056291BF813BD00000000 /* Products */ = {
			isa = PBXGroup;
			children = (
				25889F7CCCCE004E00000000 /* Application.app */,
				45D05629C0087DBE00000000 /* Indexer */,
				25889F7C4DAFC77200000000 /* WatchApplication.app */,
				25889F7C209FA0FE00000000 /* WatchExtension.appex */,
				45D05629A259EF0200000000 /* bazel-tulsi-includes */,
			);
			name = Products;
			sourceTree = "<group>";
		};
		45D056291F7B9D7400000000 /* ext_infoplists */ = {
			isa = PBXGroup;
			children = (
				25889F7C69FDDDAB00000000 /* Info.plist */,
			);
			name = ext_infoplists;
			sourceTree = "<group>";
		};
		45D0562933ECA2A800000000 /* Application */ = {
			isa = PBXGroup;
			children = (
				25889F7C11BBAF6C00000000 /* Info.plist */,
				25889F7C6CA77FEE00000000 /* entitlements.entitlements */,
			);
			name = Application;
			sourceTree = "<group>";
		};
		45D0562934CDA62100000000 /* x */ = {
			isa = PBXGroup;
			children = (
				45D0562934CDA62100000001 /* x */,
			);
			name = x;
			sourceTree = "<group>";
		};
		45D0562934CDA62100000001 /* x */ = {
			isa = PBXGroup;
			children = (
				45D056299F5F0E8300000000 /* tulsi_e2e_watch */,
			);
			name = x;
			sourceTree = "<group>";
		};
		45D0562942A1278900000000 /* WatchExtension-intermediates */ = {
			isa = PBXGroup;
			children = (
				25889F7C1CE4D8AB00000000 /* Info.plist */,
			);
			name = "WatchExtension-intermediates";
			sourceTree = "<group>";
		};
		45D0562945FC9A0400000000 /* Watch2ExtensionBinary */ = {
			isa = PBXGroup;
			children = (
				45D05629CC62AD9600000001 /* srcs */,
			);
			name = Watch2ExtensionBinary;
			sourceTree = "<group>";
		};
		45D05629503AFC9300000000 /* WatchApplication-intermediates */ = {
			isa = PBXGroup;
			children = (
				25889F7C1CA7A4F200000000 /* Info.plist */,
			);
			name = "WatchApplication-intermediates";
			sourceTree = "<group>";
		};
		45D0562954A7395500000000 /* Library */ = {
			isa = PBXGroup;
			children = (
				45D05629CC62AD9600000000 /* srcs */,
			);
			name = Library;
			sourceTree = "<group>";
		};
		45D056296F53D75600000000 /* Watch2Extension */ = {
			isa = PBXGroup;
			children = (
				25889F7CE643C43000000000 /* Interface.storyboard */,
				45D0562972177E7200000000 /* app_infoplists */,
				25889F7C35DA0F1D00000000 /* ext_entitlements.entitlements */,
				45D056291F7B9D7400000000 /* ext_infoplists */,
				25889F7C0E6614C000000000 /* ext_resources.file */,
			);
			name = Watch2Extension;
			sourceTree = "<group>";
		};
		45D0562972177E7200000000 /* app_infoplists */ = {
			isa = PBXGroup;
			children = (
				25889F7C97FBB66F00000000 /* Info.plist */,
			);
			name = app_infoplists;
			sourceTree = "<group>";
		};
		45D056299F5F0E8300000000 /* tulsi_e2e_watch */ = {
			isa = PBXGroup;
			children = (
				45D05629BBA58A3000000000 /* Application-intermediates */,
				45D05629503AFC9300000000 /* WatchApplication-intermediates */,
				45D0562942A1278900000000 /* WatchExtension-intermediates */,
			);
			name = tulsi_e2e_watch;
			sourceTree = "<group>";
		};
		45D056299F5F0E8300000001 /* tulsi_e2e_watch */ = {
			isa = PBXGroup;
			children = (
				45D0562933ECA2A800000000 /* Application */,
				25889F7CEB058C2A00000000 /* BUILD */,
				45D0562954A7395500000000 /* Library */,
				45D056296F53D75600000000 /* Watch2Extension */,
				45D0562945FC9A0400000000 /* Watch2ExtensionBinary */,
			);
			name = tulsi_e2e_watch;
			sourceTree = "<group>";
		};
		45D05629A259EF0200000000 /* bazel-tulsi-includes */ = {
			isa = PBXGroup;
			children = (
				45D0562934CDA62100000000 /* x */,
			);
			name = "bazel-tulsi-includes";
			sourceTree = "<group>";
		};
		45D05629B56AD7F200000000 /* mainGroup */ = {
			isa = PBXGroup;
			children = (
				45D056291BF813BD00000000 /* Products */,
				45D056299F5F0E8300000001 /* tulsi_e2e_watch */,
			);
			name = mainGroup;
			path = ..;
			sourceTree = SOURCE_ROOT;
		};
		45D05629BBA58A3000000000 /* Application-intermediates */ = {
			isa = PBXGroup;
			children = (
				25889F7CAC45F02F00000000 /* Info.plist */,
			);
			name = "Application-intermediates";
			sourceTree = "<group>";
		};
		45D05629C0087DBE00000000 /* Indexer */ = {
			isa = PBXGroup;
			children = (
				25889F7C0C556C9200000000 /* lib_idx_ApplicationLibrary_B45268BB_ios_min10.0.a */,
				25889F7C6EE78B0C00000000 /* lib_idx_WatchExtensionLibrary_2A5269B8_watchos_min3.0.a */,
			);
			name = Indexer;
			sourceTree = "<group>";
		};
		45D05629CC62AD9600000000 /* srcs */ = {
			isa = PBXGroup;
			children = (
				25889F7C9FFA61B100000000 /* main.m */,
			);
			name = srcs;
			sourceTree = "<group>";
		};
		45D05629CC62AD9600000001 /* srcs */ = {
			isa = PBXGroup;
			children = (
				25889F7C295E8D8E00000000 /* watch2_extension_binary.m */,
			);
			name = srcs;
			sourceTree = "<group>";
		};
/* End PBXGroup section */

/* Begin PBXLegacyTarget section */
		01F2CBCF9734745C00000000 /* _bazel_clean_ */ = {
			isa = PBXLegacyTarget;
			buildArgumentsString = "\"/fake/tulsi_test_bazel\" \"bazel-bin\"";
			buildConfigurationList = F4222DED29203B0D00000000 /* Build configuration list for PBXLegacyTarget "_bazel_clean_" */;
			buildPhases = (
			);
			buildToolPath = "${PROJECT_FILE_PATH}/.tulsi/Scripts/bazel_clean.sh";
			buildWorkingDirectory = "${SRCROOT}/..";
			dependencies = (
			);
			name = _bazel_clean_;
			passBuildSettingsInEnvironment = 1;
			productName = _bazel_clean_;
		};
/* End PBXLegacyTarget section */

/* Begin PBXNativeTarget section */
		7E9AFE6249D7FF7A00000000 /* WatchApplication */ = {
			isa = PBXNativeTarget;
			buildConfigurationList = F4222DEDFDD9525D00000000 /* Build configuration list for PBXNativeTarget "WatchApplication" */;
			buildPhases = (
				978262AB4BFB266300000000 /* ShellScript */,
			);
			buildRules = (
			);
			dependencies = (
				89B1AEB39734745D00000000 /* PBXTargetDependency */,
				89B1AEB385D2BDA300000000 /* PBXTargetDependency */,
			);
			name = WatchApplication;
			productName = WatchApplication;
			productReference = 25889F7C4DAFC77200000000 /* WatchApplication.app */;
			productType = "com.apple.product-type.application.watchapp2";
		};
		7E9AFE624F23F4AC00000000 /* _idx_ApplicationLibrary_B45268BB_ios_min10.0 */ = {
			isa = PBXNativeTarget;
			buildConfigurationList = F4222DEDE4B093E600000000 /* Build configuration list for PBXNativeTarget "_idx_ApplicationLibrary_B45268BB_ios_min10.0" */;
			buildPhases = (
				04BFD5160000000000000000 /* Sources */,
			);
			buildRules = (
			);
			dependencies = (
				89B1AEB39734745D00000000 /* PBXTargetDependency */,
			);
			name = _idx_ApplicationLibrary_B45268BB_ios_min10.0;
			productName = _idx_ApplicationLibrary_B45268BB_ios_min10.0;
			productReference = 25889F7C0C556C9200000000 /* lib_idx_ApplicationLibrary_B45268BB_ios_min10.0.a */;
			productType = "com.apple.product-type.library.static";
		};
		7E9AFE6267D9455000000000 /* Application */ = {
			isa = PBXNativeTarget;
			buildConfigurationList = F4222DED4A42893600000000 /* Build configuration list for PBXNativeTarget "Application" */;
			buildPhases = (
				978262ABC4265A5700000000 /* ShellScript */,
			);
			buildRules = (
			);
			dependencies = (
				89B1AEB39734745D00000000 /* PBXTargetDependency */,
			);
			name = Application;
			productName = Application;
			productReference = 25889F7CCCCE004E00000000 /* Application.app */;
			productType = "com.apple.product-type.application";
		};
		7E9AFE6285D2BDA200000000 /* WatchExtension */ = {
			isa = PBXNativeTarget;
			buildConfigurationList = F4222DED23500BAC00000000 /* Build configuration list for PBXNativeTarget "WatchExtension" */;
			buildPhases = (
				978262AB721B65EB00000000 /* ShellScript */,
			);
			buildRules = (
			);
			dependencies = (
				89B1AEB39734745D00000000 /* PBXTargetDependency */,
			);
			name = WatchExtension;
			productName = WatchExtension;
			productReference = 25889F7C209FA0FE00000000 /* WatchExtension.appex */;
			productType = "com.apple.product-type.watchkit2-extension";
		};
		7E9AFE629D93323A00000000 /* _idx_WatchExtensionLibrary_2A5269B8_watchos_min3.0 */ = {
			isa = PBXNativeTarget;
			buildConfigurationList = F4222DEDD73F86E500000000 /* Build configuration list for PBXNativeTarget "_idx_WatchExtensionLibrary_2A5269B8_watchos_min3.0" */;
			buildPhases = (
				04BFD5160000000000000001 /* Sources */,
			);
			buildRules = (
			);
			dependencies = (
				89B1AEB39734745D00000000 /* PBXTargetDependency */,
			);
			name = _idx_WatchExtensionLibrary_2A5269B8_watchos_min3.0;
			productName = _idx_WatchExtensionLibrary_2A5269B8_watchos_min3.0;
			productReference = 25889F7C6EE78B0C00000000 /* lib_idx_WatchExtensionLibrary_2A5269B8_watchos_min3.0.a */;
			productType = "com.apple.product-type.library.static";
		};
/* End PBXNativeTarget section */

/* Begin PBXProject section */
		9034464B75F0863000000000 /* Project object */ = {
			isa = PBXProject;
			attributes = {
				LastSwiftUpdateCheck = 0710;
				LastUpgradeCheck = 1000;
			};
			buildConfigurationList = F4222DED837B640D00000000 /* Build configuration list for PBXProject "WatchProject" */;
			compatibilityVersion = "Xcode 3.2";
			developmentRegion = English;
			hasScannedForEncodings = 0;
			knownRegions = (
				en,
			);
			mainGroup = 45D05629B56AD7F200000000 /* mainGroup */;
			targets = (
				7E9AFE6267D9455000000000 /* Application */,
				7E9AFE6249D7FF7A00000000 /* WatchApplication */,
				7E9AFE6285D2BDA200000000 /* WatchExtension */,
				01F2CBCF9734745C00000000 /* _bazel_clean_ */,
				7E9AFE624F23F4AC00000000 /* _idx_ApplicationLibrary_B45268BB_ios_min10.0 */,
				7E9AFE629D93323A00000000 /* _idx_WatchExtensionLibrary_2A5269B8_watchos_min3.0 */,
			);
		};
/* End PBXProject section */

/* Begin PBXShellScriptBuildPhase section */
		978262AB4BFB266300000000 /* ShellScript */ = {
			isa = PBXShellScriptBuildPhase;
			buildActionMask = 0;
			files = (
			);
			inputPaths = (
				"$(TARGET_BUILD_DIR)/$(INFOPLIST_PATH)",
			);
			outputPaths = (
			);
			runOnlyForDeploymentPostprocessing = 0;
			shellPath = /bin/bash;
			shellScript = "set -e\ncd \"${SRCROOT}/..\"\nexec \"${PROJECT_FILE_PATH}/.tulsi/Scripts/bazel_build.py\" //tulsi_e2e_watch:WatchApplication --bazel \"/fake/tulsi_test_bazel\" --bazel_bin_path \"bazel-bin\" --verbose ";
			showEnvVarsInLog = 1;
		};
		978262AB721B65EB00000000 /* ShellScript */ = {
			isa = PBXShellScriptBuildPhase;
			buildActionMask = 0;
			files = (
			);
			inputPaths = (
				"$(TARGET_BUILD_DIR)/$(INFOPLIST_PATH)",
			);
			outputPaths = (
			);
			runOnlyForDeploymentPostprocessing = 0;
			shellPath = /bin/bash;
			shellScript = "set -e\ncd \"${SRCROOT}/..\"\nexec \"${PROJECT_FILE_PATH}/.tulsi/Scripts/bazel_build.py\" //tulsi_e2e_watch:WatchExtension --bazel \"/fake/tulsi_test_bazel\" --bazel_bin_path \"bazel-bin\" --verbose ";
			showEnvVarsInLog = 1;
		};
		978262ABC4265A5700000000 /* ShellScript */ = {
			isa = PBXShellScriptBuildPhase;
			buildActionMask = 0;
			files = (
			);
			inputPaths = (
				"$(TARGET_BUILD_DIR)/$(INFOPLIST_PATH)",
			);
			outputPaths = (
			);
			runOnlyForDeploymentPostprocessing = 0;
			shellPath = /bin/bash;
			shellScript = "set -e\ncd \"${SRCROOT}/..\"\nexec \"${PROJECT_FILE_PATH}/.tulsi/Scripts/bazel_build.py\" //tulsi_e2e_watch:Application --bazel \"/fake/tulsi_test_bazel\" --bazel_bin_path \"bazel-bin\" --verbose ";
			showEnvVarsInLog = 1;
		};
/* End PBXShellScriptBuildPhase section */

/* Begin PBXSourcesBuildPhase section */
		04BFD5160000000000000000 /* Sources */ = {
			isa = PBXSourcesBuildPhase;
			buildActionMask = 0;
			files = (
				952C886D9FFA61B100000000 /* main.m in srcs */,
			);
			runOnlyForDeploymentPostprocessing = 0;
		};
		04BFD5160000000000000001 /* Sources */ = {
			isa = PBXSourcesBuildPhase;
			buildActionMask = 0;
			files = (
				952C886D295E8D8E00000000 /* watch2_extension_binary.m in srcs */,
			);
			runOnlyForDeploymentPostprocessing = 0;
		};
/* End PBXSourcesBuildPhase section */

/* Begin PBXTargetDependency section */
		89B1AEB385D2BDA300000000 /* PBXTargetDependency */ = {
			isa = PBXTargetDependency;
			targetProxy = 30E8372A85D2BDA300000000 /* PBXContainerItemProxy */;
		};
		89B1AEB39734745D00000000 /* PBXTargetDependency */ = {
			isa = PBXTargetDependency;
			targetProxy = 30E8372A9734745D00000000 /* PBXContainerItemProxy */;
		};
/* End PBXTargetDependency section */

/* Begin XCBuildConfiguration section */
		0207AA281FC531E700000000 /* __TulsiTestRunner_Release */ = {
			isa = XCBuildConfiguration;
			buildSettings = {
				ALWAYS_SEARCH_USER_PATHS = NO;
				CLANG_CXX_LANGUAGE_STANDARD = "gnu++17";
				CLANG_ENABLE_OBJC_ARC = YES;
				CLANG_WARN_BOOL_CONVERSION = YES;
				CLANG_WARN_CONSTANT_CONVERSION = YES;
				CLANG_WARN_EMPTY_BODY = YES;
				CLANG_WARN_ENUM_CONVERSION = YES;
				CLANG_WARN_INT_CONVERSION = YES;
				CLANG_WARN_UNREACHABLE_CODE = YES;
				CLANG_WARN__DUPLICATE_METHOD_MATCH = YES;
				CODE_SIGNING_REQUIRED = NO;
				CODE_SIGN_IDENTITY = "";
				DONT_RUN_SWIFT_STDLIB_TOOL = YES;
				ENABLE_TESTABILITY = YES;
				FRAMEWORK_SEARCH_PATHS = "";
				GCC_PREPROCESSOR_DEFINITIONS = "NDEBUG=1";
				GCC_WARN_64_TO_32_BIT_CONVERSION = YES;
				GCC_WARN_ABOUT_RETURN_TYPE = YES;
				GCC_WARN_UNDECLARED_SELECTOR = YES;
				GCC_WARN_UNINITIALIZED_AUTOS = YES;
				GCC_WARN_UNUSED_FUNCTION = YES;
				GCC_WARN_UNUSED_VARIABLE = YES;
				HEADER_SEARCH_PATHS = "";
				ONLY_ACTIVE_ARCH = YES;
				OTHER_CFLAGS = "--version";
				OTHER_LDFLAGS = "--version";
				OTHER_SWIFT_FLAGS = "--version";
				PYTHONIOENCODING = utf8;
				SDKROOT = iphoneos;
				SWIFT_INSTALL_OBJC_HEADER = NO;
				SWIFT_OBJC_INTERFACE_HEADER_NAME = "$(PRODUCT_NAME).h";
				TULSI_BWRS = "$(PROJECT_FILE_PATH)/.tulsi/tulsi-workspace";
				TULSI_LLDBINIT_FILE = "$(PROJECT_FILE_PATH)/.tulsi/Utils/lldbinit";
				TULSI_PROJECT = WatchProject;
				TULSI_VERSION = 9.99.999.9999;
				TULSI_WR = "${SRCROOT}/..";
			};
			name = __TulsiTestRunner_Release;
		};
		0207AA281FC531E700000001 /* __TulsiTestRunner_Release */ = {
			isa = XCBuildConfiguration;
			buildSettings = {
				ASSETCATALOG_COMPILER_LAUNCHIMAGE_NAME = "Stub Launch Image";
				BAZEL_TARGET = "//tulsi_e2e_watch:Application";
				DEBUG_INFORMATION_FORMAT = dwarf;
				FRAMEWORK_SEARCH_PATHS = "";
				GCC_PREPROCESSOR_DEFINITIONS = "NDEBUG=1";
				HEADER_SEARCH_PATHS = "";
				INFOPLIST_FILE = "${PROJECT_FILE_PATH}/.tulsi/Resources/StubInfoPlist.plist";
				IPHONEOS_DEPLOYMENT_TARGET = 10.0;
				ONLY_ACTIVE_ARCH = YES;
				OTHER_CFLAGS = "--version";
				OTHER_LDFLAGS = "--version";
				OTHER_SWIFT_FLAGS = "--version";
				PRODUCT_BUNDLE_IDENTIFIER = "application.bundle-id";
				PRODUCT_NAME = Application;
				SDKROOT = iphoneos;
				SWIFT_INSTALL_OBJC_HEADER = NO;
				SWIFT_OBJC_INTERFACE_HEADER_NAME = "$(PRODUCT_NAME).h";
				TULSI_BUILD_PATH = tulsi_e2e_watch;
				TULSI_XCODE_VERSION = 12.4.0.12D4e;
			};
			name = __TulsiTestRunner_Release;
		};
		0207AA281FC531E700000002 /* __TulsiTestRunner_Release */ = {
			isa = XCBuildConfiguration;
			buildSettings = {
				ASSETCATALOG_COMPILER_LAUNCHIMAGE_NAME = "Stub Launch Image";
				BAZEL_TARGET = "//tulsi_e2e_watch:WatchApplication";
				DEBUG_INFORMATION_FORMAT = dwarf;
				FRAMEWORK_SEARCH_PATHS = "";
				GCC_PREPROCESSOR_DEFINITIONS = "NDEBUG=1";
				HEADER_SEARCH_PATHS = "";
				INFOPLIST_FILE = "${PROJECT_FILE_PATH}/.tulsi/Resources/StubWatchOS2InfoPlist.plist";
				ONLY_ACTIVE_ARCH = YES;
				OTHER_CFLAGS = "--version";
				OTHER_LDFLAGS = "--version";
				OTHER_SWIFT_FLAGS = "--version";
				PRODUCT_BUNDLE_IDENTIFIER = "application.watch.app.bundle-id";
				PRODUCT_NAME = WatchApplication;
				SDKROOT = watchos;
				SWIFT_INSTALL_OBJC_HEADER = NO;
				SWIFT_OBJC_INTERFACE_HEADER_NAME = "$(PRODUCT_NAME).h";
				TULSI_BUILD_PATH = tulsi_e2e_watch;
				TULSI_XCODE_VERSION = 12.4.0.12D4e;
				WATCHOS_DEPLOYMENT_TARGET = 3.0;
			};
			name = __TulsiTestRunner_Release;
		};
		0207AA281FC531E700000003 /* __TulsiTestRunner_Release */ = {
			isa = XCBuildConfiguration;
			buildSettings = {
				ASSETCATALOG_COMPILER_LAUNCHIMAGE_NAME = "Stub Launch Image";
				BAZEL_TARGET = "//tulsi_e2e_watch:WatchExtension";
				DEBUG_INFORMATION_FORMAT = dwarf;
				FRAMEWORK_SEARCH_PATHS = "";
				GCC_PREPROCESSOR_DEFINITIONS = "NDEBUG=1";
				HEADER_SEARCH_PATHS = "";
				INFOPLIST_FILE = "${PROJECT_FILE_PATH}/.tulsi/Resources/StubWatchOS2AppExInfoPlist.plist";
				ONLY_ACTIVE_ARCH = YES;
				OTHER_CFLAGS = "--version";
				OTHER_LDFLAGS = "--version";
				OTHER_SWIFT_FLAGS = "--version";
				PRODUCT_BUNDLE_IDENTIFIER = "application.watch.ext.bundle-id";
				PRODUCT_NAME = WatchExtension;
				SDKROOT = watchos;
				SWIFT_INSTALL_OBJC_HEADER = NO;
				SWIFT_OBJC_INTERFACE_HEADER_NAME = "$(PRODUCT_NAME).h";
				TULSI_BUILD_PATH = tulsi_e2e_watch;
				TULSI_XCODE_VERSION = 12.4.0.12D4e;
				WATCHOS_DEPLOYMENT_TARGET = 3.0;
			};
			name = __TulsiTestRunner_Release;
		};
		0207AA2838C3D90E00000000 /* Debug */ = {
			isa = XCBuildConfiguration;
			buildSettings = {
				ALWAYS_SEARCH_USER_PATHS = NO;
				CLANG_CXX_LANGUAGE_STANDARD = "gnu++17";
				CLANG_ENABLE_OBJC_ARC = YES;
				CLANG_WARN_BOOL_CONVERSION = YES;
				CLANG_WARN_CONSTANT_CONVERSION = YES;
				CLANG_WARN_EMPTY_BODY = YES;
				CLANG_WARN_ENUM_CONVERSION = YES;
				CLANG_WARN_INT_CONVERSION = YES;
				CLANG_WARN_UNREACHABLE_CODE = YES;
				CLANG_WARN__DUPLICATE_METHOD_MATCH = YES;
				CODE_SIGNING_REQUIRED = NO;
				CODE_SIGN_IDENTITY = "";
				DONT_RUN_SWIFT_STDLIB_TOOL = YES;
				ENABLE_TESTABILITY = YES;
				FRAMEWORK_SEARCH_PATHS = "$(PLATFORM_DIR)/Developer/Library/Frameworks";
				GCC_PREPROCESSOR_DEFINITIONS = "DEBUG=1";
				GCC_WARN_64_TO_32_BIT_CONVERSION = YES;
				GCC_WARN_ABOUT_RETURN_TYPE = YES;
				GCC_WARN_UNDECLARED_SELECTOR = YES;
				GCC_WARN_UNINITIALIZED_AUTOS = YES;
				GCC_WARN_UNUSED_FUNCTION = YES;
				GCC_WARN_UNUSED_VARIABLE = YES;
				HEADER_SEARCH_PATHS = "$(TULSI_BWRS) $(TULSI_WR)/bazel-bin $(TULSI_WR)/bazel-genfiles $(TULSI_BWRS)/bazel-tulsi-includes/x/x";
				ONLY_ACTIVE_ARCH = YES;
				PYTHONIOENCODING = utf8;
				SDKROOT = iphoneos;
				TULSI_BWRS = "$(PROJECT_FILE_PATH)/.tulsi/tulsi-workspace";
				TULSI_LLDBINIT_FILE = "$(PROJECT_FILE_PATH)/.tulsi/Utils/lldbinit";
				TULSI_PROJECT = WatchProject;
				TULSI_VERSION = 9.99.999.9999;
				TULSI_WR = "${SRCROOT}/..";
			};
			name = Debug;
		};
		0207AA2838C3D90E00000001 /* Debug */ = {
			isa = XCBuildConfiguration;
			buildSettings = {
				ASSETCATALOG_COMPILER_LAUNCHIMAGE_NAME = "Stub Launch Image";
				BAZEL_TARGET = "//tulsi_e2e_watch:Application";
				DEBUG_INFORMATION_FORMAT = dwarf;
				GCC_PREPROCESSOR_DEFINITIONS = "DEBUG=1";
				INFOPLIST_FILE = "${PROJECT_FILE_PATH}/.tulsi/Resources/StubInfoPlist.plist";
				IPHONEOS_DEPLOYMENT_TARGET = 10.0;
				PRODUCT_BUNDLE_IDENTIFIER = "application.bundle-id";
				PRODUCT_NAME = Application;
				SDKROOT = iphoneos;
				TULSI_BUILD_PATH = tulsi_e2e_watch;
				TULSI_XCODE_VERSION = 12.4.0.12D4e;
			};
			name = Debug;
		};
		0207AA2838C3D90E00000002 /* Debug */ = {
			isa = XCBuildConfiguration;
			buildSettings = {
				ASSETCATALOG_COMPILER_LAUNCHIMAGE_NAME = "Stub Launch Image";
				BAZEL_TARGET = "//tulsi_e2e_watch:WatchApplication";
				DEBUG_INFORMATION_FORMAT = dwarf;
				GCC_PREPROCESSOR_DEFINITIONS = "DEBUG=1";
				INFOPLIST_FILE = "${PROJECT_FILE_PATH}/.tulsi/Resources/StubWatchOS2InfoPlist.plist";
				PRODUCT_BUNDLE_IDENTIFIER = "application.watch.app.bundle-id";
				PRODUCT_NAME = WatchApplication;
				SDKROOT = watchos;
				TULSI_BUILD_PATH = tulsi_e2e_watch;
				TULSI_XCODE_VERSION = 12.4.0.12D4e;
				WATCHOS_DEPLOYMENT_TARGET = 3.0;
			};
			name = Debug;
		};
		0207AA2838C3D90E00000003 /* Debug */ = {
			isa = XCBuildConfiguration;
			buildSettings = {
				ASSETCATALOG_COMPILER_LAUNCHIMAGE_NAME = "Stub Launch Image";
				BAZEL_TARGET = "//tulsi_e2e_watch:WatchExtension";
				DEBUG_INFORMATION_FORMAT = dwarf;
				GCC_PREPROCESSOR_DEFINITIONS = "DEBUG=1";
				INFOPLIST_FILE = "${PROJECT_FILE_PATH}/.tulsi/Resources/StubWatchOS2AppExInfoPlist.plist";
				PRODUCT_BUNDLE_IDENTIFIER = "application.watch.ext.bundle-id";
				PRODUCT_NAME = WatchExtension;
				SDKROOT = watchos;
				TULSI_BUILD_PATH = tulsi_e2e_watch;
				TULSI_XCODE_VERSION = 12.4.0.12D4e;
				WATCHOS_DEPLOYMENT_TARGET = 3.0;
			};
			name = Debug;
		};
		0207AA2838C3D90E00000004 /* Debug */ = {
			isa = XCBuildConfiguration;
			buildSettings = {
				GCC_PREPROCESSOR_DEFINITIONS = "DEBUG=1";
				HEADER_SEARCH_PATHS = "$(inherited) $(TULSI_WR)/tulsi_e2e_watch/Library/includes/one/include $(TULSI_BWRS)/bazel-tulsi-includes/x/x/tulsi_e2e_watch/Library/includes/one/include $(TULSI_WR)/. $(TULSI_BWRS)/bazel-tulsi-includes/x/x/ ";
				IPHONEOS_DEPLOYMENT_TARGET = 10.0;
				PRODUCT_NAME = _idx_ApplicationLibrary_B45268BB_ios_min10.0;
				SDKROOT = iphoneos;
				USER_HEADER_SEARCH_PATHS = "$(TULSI_WR)";
			};
			name = Debug;
		};
		0207AA2838C3D90E00000005 /* Debug */ = {
			isa = XCBuildConfiguration;
			buildSettings = {
				GCC_PREPROCESSOR_DEFINITIONS = "DEBUG=1";
				HEADER_SEARCH_PATHS = "$(inherited) $(TULSI_WR)/. $(TULSI_BWRS)/bazel-tulsi-includes/x/x/ ";
				PRODUCT_NAME = _idx_WatchExtensionLibrary_2A5269B8_watchos_min3.0;
				SDKROOT = watchos;
				USER_HEADER_SEARCH_PATHS = "$(TULSI_WR)";
				WATCHOS_DEPLOYMENT_TARGET = 3.0;
			};
			name = Debug;
		};
		0207AA28616216BF00000000 /* Release */ = {
			isa = XCBuildConfiguration;
			buildSettings = {
				ALWAYS_SEARCH_USER_PATHS = NO;
				CLANG_CXX_LANGUAGE_STANDARD = "gnu++17";
				CLANG_ENABLE_OBJC_ARC = YES;
				CLANG_WARN_BOOL_CONVERSION = YES;
				CLANG_WARN_CONSTANT_CONVERSION = YES;
				CLANG_WARN_EMPTY_BODY = YES;
				CLANG_WARN_ENUM_CONVERSION = YES;
				CLANG_WARN_INT_CONVERSION = YES;
				CLANG_WARN_UNREACHABLE_CODE = YES;
				CLANG_WARN__DUPLICATE_METHOD_MATCH = YES;
				CODE_SIGNING_REQUIRED = NO;
				CODE_SIGN_IDENTITY = "";
				DONT_RUN_SWIFT_STDLIB_TOOL = YES;
				ENABLE_TESTABILITY = YES;
				FRAMEWORK_SEARCH_PATHS = "$(PLATFORM_DIR)/Developer/Library/Frameworks";
				GCC_PREPROCESSOR_DEFINITIONS = "NDEBUG=1";
				GCC_WARN_64_TO_32_BIT_CONVERSION = YES;
				GCC_WARN_ABOUT_RETURN_TYPE = YES;
				GCC_WARN_UNDECLARED_SELECTOR = YES;
				GCC_WARN_UNINITIALIZED_AUTOS = YES;
				GCC_WARN_UNUSED_FUNCTION = YES;
				GCC_WARN_UNUSED_VARIABLE = YES;
				HEADER_SEARCH_PATHS = "$(TULSI_BWRS) $(TULSI_WR)/bazel-bin $(TULSI_WR)/bazel-genfiles $(TULSI_BWRS)/bazel-tulsi-includes/x/x";
				ONLY_ACTIVE_ARCH = YES;
				PYTHONIOENCODING = utf8;
				SDKROOT = iphoneos;
				TULSI_BWRS = "$(PROJECT_FILE_PATH)/.tulsi/tulsi-workspace";
				TULSI_LLDBINIT_FILE = "$(PROJECT_FILE_PATH)/.tulsi/Utils/lldbinit";
				TULSI_PROJECT = WatchProject;
				TULSI_VERSION = 9.99.999.9999;
				TULSI_WR = "${SRCROOT}/..";
			};
			name = Release;
		};
		0207AA28616216BF00000001 /* Release */ = {
			isa = XCBuildConfiguration;
			buildSettings = {
				ASSETCATALOG_COMPILER_LAUNCHIMAGE_NAME = "Stub Launch Image";
				BAZEL_TARGET = "//tulsi_e2e_watch:Application";
				DEBUG_INFORMATION_FORMAT = dwarf;
				GCC_PREPROCESSOR_DEFINITIONS = "NDEBUG=1";
				INFOPLIST_FILE = "${PROJECT_FILE_PATH}/.tulsi/Resources/StubInfoPlist.plist";
				IPHONEOS_DEPLOYMENT_TARGET = 10.0;
				PRODUCT_BUNDLE_IDENTIFIER = "application.bundle-id";
				PRODUCT_NAME = Application;
				SDKROOT = iphoneos;
				TULSI_BUILD_PATH = tulsi_e2e_watch;
				TULSI_XCODE_VERSION = 12.4.0.12D4e;
			};
			name = Release;
		};
		0207AA28616216BF00000002 /* Release */ = {
			isa = XCBuildConfiguration;
			buildSettings = {
				ASSETCATALOG_COMPILER_LAUNCHIMAGE_NAME = "Stub Launch Image";
				BAZEL_TARGET = "//tulsi_e2e_watch:WatchApplication";
				DEBUG_INFORMATION_FORMAT = dwarf;
				GCC_PREPROCESSOR_DEFINITIONS = "NDEBUG=1";
				INFOPLIST_FILE = "${PROJECT_FILE_PATH}/.tulsi/Resources/StubWatchOS2InfoPlist.plist";
				PRODUCT_BUNDLE_IDENTIFIER = "application.watch.app.bundle-id";
				PRODUCT_NAME = WatchApplication;
				SDKROOT = watchos;
				TULSI_BUILD_PATH = tulsi_e2e_watch;
				TULSI_XCODE_VERSION = 12.4.0.12D4e;
				WATCHOS_DEPLOYMENT_TARGET = 3.0;
			};
			name = Release;
		};
		0207AA28616216BF00000003 /* Release */ = {
			isa = XCBuildConfiguration;
			buildSettings = {
				ASSETCATALOG_COMPILER_LAUNCHIMAGE_NAME = "Stub Launch Image";
				BAZEL_TARGET = "//tulsi_e2e_watch:WatchExtension";
				DEBUG_INFORMATION_FORMAT = dwarf;
				GCC_PREPROCESSOR_DEFINITIONS = "NDEBUG=1";
				INFOPLIST_FILE = "${PROJECT_FILE_PATH}/.tulsi/Resources/StubWatchOS2AppExInfoPlist.plist";
				PRODUCT_BUNDLE_IDENTIFIER = "application.watch.ext.bundle-id";
				PRODUCT_NAME = WatchExtension;
				SDKROOT = watchos;
				TULSI_BUILD_PATH = tulsi_e2e_watch;
				TULSI_XCODE_VERSION = 12.4.0.12D4e;
				WATCHOS_DEPLOYMENT_TARGET = 3.0;
			};
			name = Release;
		};
		0207AA28616216BF00000004 /* Release */ = {
			isa = XCBuildConfiguration;
			buildSettings = {
				GCC_PREPROCESSOR_DEFINITIONS = "NDEBUG=1";
				HEADER_SEARCH_PATHS = "$(inherited) $(TULSI_WR)/tulsi_e2e_watch/Library/includes/one/include $(TULSI_BWRS)/bazel-tulsi-includes/x/x/tulsi_e2e_watch/Library/includes/one/include $(TULSI_WR)/. $(TULSI_BWRS)/bazel-tulsi-includes/x/x/ ";
				IPHONEOS_DEPLOYMENT_TARGET = 10.0;
				PRODUCT_NAME = _idx_ApplicationLibrary_B45268BB_ios_min10.0;
				SDKROOT = iphoneos;
				USER_HEADER_SEARCH_PATHS = "$(TULSI_WR)";
			};
			name = Release;
		};
		0207AA28616216BF00000005 /* Release */ = {
			isa = XCBuildConfiguration;
			buildSettings = {
				GCC_PREPROCESSOR_DEFINITIONS = "NDEBUG=1";
				HEADER_SEARCH_PATHS = "$(inherited) $(TULSI_WR)/. $(TULSI_BWRS)/bazel-tulsi-includes/x/x/ ";
				PRODUCT_NAME = _idx_WatchExtensionLibrary_2A5269B8_watchos_min3.0;
				SDKROOT = watchos;
				USER_HEADER_SEARCH_PATHS = "$(TULSI_WR)";
				WATCHOS_DEPLOYMENT_TARGET = 3.0;
			};
			name = Release;
		};
		0207AA28F23A778400000000 /* __TulsiTestRunner_Debug */ = {
			isa = XCBuildConfiguration;
			buildSettings = {
				ALWAYS_SEARCH_USER_PATHS = NO;
				CLANG_CXX_LANGUAGE_STANDARD = "gnu++17";
				CLANG_ENABLE_OBJC_ARC = YES;
				CLANG_WARN_BOOL_CONVERSION = YES;
				CLANG_WARN_CONSTANT_CONVERSION = YES;
				CLANG_WARN_EMPTY_BODY = YES;
				CLANG_WARN_ENUM_CONVERSION = YES;
				CLANG_WARN_INT_CONVERSION = YES;
				CLANG_WARN_UNREACHABLE_CODE = YES;
				CLANG_WARN__DUPLICATE_METHOD_MATCH = YES;
				CODE_SIGNING_REQUIRED = NO;
				CODE_SIGN_IDENTITY = "";
				DONT_RUN_SWIFT_STDLIB_TOOL = YES;
				ENABLE_TESTABILITY = YES;
				FRAMEWORK_SEARCH_PATHS = "";
				GCC_PREPROCESSOR_DEFINITIONS = "DEBUG=1";
				GCC_WARN_64_TO_32_BIT_CONVERSION = YES;
				GCC_WARN_ABOUT_RETURN_TYPE = YES;
				GCC_WARN_UNDECLARED_SELECTOR = YES;
				GCC_WARN_UNINITIALIZED_AUTOS = YES;
				GCC_WARN_UNUSED_FUNCTION = YES;
				GCC_WARN_UNUSED_VARIABLE = YES;
				HEADER_SEARCH_PATHS = "";
				ONLY_ACTIVE_ARCH = YES;
				OTHER_CFLAGS = "--version";
				OTHER_LDFLAGS = "--version";
				OTHER_SWIFT_FLAGS = "--version";
				PYTHONIOENCODING = utf8;
				SDKROOT = iphoneos;
				SWIFT_INSTALL_OBJC_HEADER = NO;
				SWIFT_OBJC_INTERFACE_HEADER_NAME = "$(PRODUCT_NAME).h";
				TULSI_BWRS = "$(PROJECT_FILE_PATH)/.tulsi/tulsi-workspace";
				TULSI_LLDBINIT_FILE = "$(PROJECT_FILE_PATH)/.tulsi/Utils/lldbinit";
				TULSI_PROJECT = WatchProject;
				TULSI_VERSION = 9.99.999.9999;
				TULSI_WR = "${SRCROOT}/..";
			};
			name = __TulsiTestRunner_Debug;
		};
		0207AA28F23A778400000001 /* __TulsiTestRunner_Debug */ = {
			isa = XCBuildConfiguration;
			buildSettings = {
				ASSETCATALOG_COMPILER_LAUNCHIMAGE_NAME = "Stub Launch Image";
				BAZEL_TARGET = "//tulsi_e2e_watch:Application";
				DEBUG_INFORMATION_FORMAT = dwarf;
				FRAMEWORK_SEARCH_PATHS = "";
				GCC_PREPROCESSOR_DEFINITIONS = "DEBUG=1";
				HEADER_SEARCH_PATHS = "";
				INFOPLIST_FILE = "${PROJECT_FILE_PATH}/.tulsi/Resources/StubInfoPlist.plist";
				IPHONEOS_DEPLOYMENT_TARGET = 10.0;
				ONLY_ACTIVE_ARCH = YES;
				OTHER_CFLAGS = "--version";
				OTHER_LDFLAGS = "--version";
				OTHER_SWIFT_FLAGS = "--version";
				PRODUCT_BUNDLE_IDENTIFIER = "application.bundle-id";
				PRODUCT_NAME = Application;
				SDKROOT = iphoneos;
				SWIFT_INSTALL_OBJC_HEADER = NO;
				SWIFT_OBJC_INTERFACE_HEADER_NAME = "$(PRODUCT_NAME).h";
				TULSI_BUILD_PATH = tulsi_e2e_watch;
				TULSI_XCODE_VERSION = 12.4.0.12D4e;
			};
			name = __TulsiTestRunner_Debug;
		};
		0207AA28F23A778400000002 /* __TulsiTestRunner_Debug */ = {
			isa = XCBuildConfiguration;
			buildSettings = {
				ASSETCATALOG_COMPILER_LAUNCHIMAGE_NAME = "Stub Launch Image";
				BAZEL_TARGET = "//tulsi_e2e_watch:WatchApplication";
				DEBUG_INFORMATION_FORMAT = dwarf;
				FRAMEWORK_SEARCH_PATHS = "";
				GCC_PREPROCESSOR_DEFINITIONS = "DEBUG=1";
				HEADER_SEARCH_PATHS = "";
				INFOPLIST_FILE = "${PROJECT_FILE_PATH}/.tulsi/Resources/StubWatchOS2InfoPlist.plist";
				ONLY_ACTIVE_ARCH = YES;
				OTHER_CFLAGS = "--version";
				OTHER_LDFLAGS = "--version";
				OTHER_SWIFT_FLAGS = "--version";
				PRODUCT_BUNDLE_IDENTIFIER = "application.watch.app.bundle-id";
				PRODUCT_NAME = WatchApplication;
				SDKROOT = watchos;
				SWIFT_INSTALL_OBJC_HEADER = NO;
				SWIFT_OBJC_INTERFACE_HEADER_NAME = "$(PRODUCT_NAME).h";
				TULSI_BUILD_PATH = tulsi_e2e_watch;
				TULSI_XCODE_VERSION = 12.4.0.12D4e;
				WATCHOS_DEPLOYMENT_TARGET = 3.0;
			};
			name = __TulsiTestRunner_Debug;
		};
		0207AA28F23A778400000003 /* __TulsiTestRunner_Debug */ = {
			isa = XCBuildConfiguration;
			buildSettings = {
				ASSETCATALOG_COMPILER_LAUNCHIMAGE_NAME = "Stub Launch Image";
				BAZEL_TARGET = "//tulsi_e2e_watch:WatchExtension";
				DEBUG_INFORMATION_FORMAT = dwarf;
				FRAMEWORK_SEARCH_PATHS = "";
				GCC_PREPROCESSOR_DEFINITIONS = "DEBUG=1";
				HEADER_SEARCH_PATHS = "";
				INFOPLIST_FILE = "${PROJECT_FILE_PATH}/.tulsi/Resources/StubWatchOS2AppExInfoPlist.plist";
				ONLY_ACTIVE_ARCH = YES;
				OTHER_CFLAGS = "--version";
				OTHER_LDFLAGS = "--version";
				OTHER_SWIFT_FLAGS = "--version";
				PRODUCT_BUNDLE_IDENTIFIER = "application.watch.ext.bundle-id";
				PRODUCT_NAME = WatchExtension;
				SDKROOT = watchos;
				SWIFT_INSTALL_OBJC_HEADER = NO;
				SWIFT_OBJC_INTERFACE_HEADER_NAME = "$(PRODUCT_NAME).h";
				TULSI_BUILD_PATH = tulsi_e2e_watch;
				TULSI_XCODE_VERSION = 12.4.0.12D4e;
				WATCHOS_DEPLOYMENT_TARGET = 3.0;
			};
			name = __TulsiTestRunner_Debug;
		};
/* End XCBuildConfiguration section */

/* Begin XCConfigurationList section */
		F4222DED23500BAC00000000 /* Build configuration list for PBXNativeTarget "WatchExtension" */ = {
			isa = XCConfigurationList;
			buildConfigurations = (
				0207AA2838C3D90E00000003 /* Debug */,
				0207AA28616216BF00000003 /* Release */,
				0207AA28F23A778400000003 /* __TulsiTestRunner_Debug */,
				0207AA281FC531E700000003 /* __TulsiTestRunner_Release */,
			);
			defaultConfigurationIsVisible = 0;
		};
		F4222DED29203B0D00000000 /* Build configuration list for PBXLegacyTarget "_bazel_clean_" */ = {
			isa = XCConfigurationList;
			buildConfigurations = (
			);
			defaultConfigurationIsVisible = 0;
		};
		F4222DED4A42893600000000 /* Build configuration list for PBXNativeTarget "Application" */ = {
			isa = XCConfigurationList;
			buildConfigurations = (
				0207AA2838C3D90E00000001 /* Debug */,
				0207AA28616216BF00000001 /* Release */,
				0207AA28F23A778400000001 /* __TulsiTestRunner_Debug */,
				0207AA281FC531E700000001 /* __TulsiTestRunner_Release */,
			);
			defaultConfigurationIsVisible = 0;
		};
		F4222DED837B640D00000000 /* Build configuration list for PBXProject "WatchProject" */ = {
			isa = XCConfigurationList;
			buildConfigurations = (
				0207AA2838C3D90E00000000 /* Debug */,
				0207AA28616216BF00000000 /* Release */,
				0207AA28F23A778400000000 /* __TulsiTestRunner_Debug */,
				0207AA281FC531E700000000 /* __TulsiTestRunner_Release */,
			);
			defaultConfigurationIsVisible = 0;
		};
		F4222DEDD73F86E500000000 /* Build configuration list for PBXNativeTarget "_idx_WatchExtensionLibrary_2A5269B8_watchos_min3.0" */ = {
			isa = XCConfigurationList;
			buildConfigurations = (
				0207AA2838C3D90E00000005 /* Debug */,
				0207AA28616216BF00000005 /* Release */,
			);
			defaultConfigurationIsVisible = 0;
		};
		F4222DEDE4B093E600000000 /* Build configuration list for PBXNativeTarget "_idx_ApplicationLibrary_B45268BB_ios_min10.0" */ = {
			isa = XCConfigurationList;
			buildConfigurations = (
				0207AA2838C3D90E00000004 /* Debug */,
				0207AA28616216BF00000004 /* Release */,
			);
			defaultConfigurationIsVisible = 0;
		};
		F4222DEDFDD9525D00000000 /* Build configuration list for PBXNativeTarget "WatchApplication" */ = {
			isa = XCConfigurationList;
			buildConfigurations = (
				0207AA2838C3D90E00000002 /* Debug */,
				0207AA28616216BF00000002 /* Release */,
				0207AA28F23A778400000002 /* __TulsiTestRunner_Debug */,
				0207AA281FC531E700000002 /* __TulsiTestRunner_Release */,
			);
			defaultConfigurationIsVisible = 0;
		};
/* End XCConfigurationList section */
	};
	rootObject = 9034464B75F0863000000000 /* Project object */;
}