// !$*UTF8*$!
{
	archiveVersion = 1;
	classes = {
	};
	objectVersion = 46;
	objects = {

/* Begin PBXBuildFile section */
		E6AF49472511224F00000000 /* TodayViewController.m in ExtSources */ = {isa = PBXBuildFile; fileRef = 43D68C282511224F00000000 /* TodayViewController.m */; };
		E6AF49473C553F8E00000000 /* main.m in src */ = {isa = PBXBuildFile; fileRef = 43D68C283C553F8E00000000 /* main.m */; };
		E6AF49473C553F8E00000001 /* main.m in src */ = {isa = PBXBuildFile; fileRef = 43D68C283C553F8E00000000 /* main.m */; };
		E6AF494759FC82CA00000000 /* AppDelegate.m in src */ = {isa = PBXBuildFile; fileRef = 43D68C2859FC82CA00000000 /* AppDelegate.m */; };
/* End PBXBuildFile section */

/* Begin PBXContainerItemProxy section */
		819366726921D83500000000 /* PBXContainerItemProxy */ = {
			isa = PBXContainerItemProxy;
			containerPortal = 7E7BD0EAB92C4AB700000000 /* Project object */;
			proxyType = 1;
			remoteGlobalIDString = ECCC95946921D83400000000;
		};
/* End PBXContainerItemProxy section */

/* Begin PBXFileReference section */
		43D68C2810C8DA6C00000000 /* MyMacOSApp.app */ = {isa = PBXFileReference; explicitFileType = wrapper.application; name = MyMacOSApp.app; path = MyMacOSApp.app; sourceTree = BUILT_PRODUCTS_DIR; };
		43D68C281E9E743E00000000 /* MyCommandLineApp */ = {isa = PBXFileReference; explicitFileType = "compiled.mach-o.executable"; name = MyCommandLineApp; path = MyCommandLineApp; sourceTree = BUILT_PRODUCTS_DIR; };
		43D68C282511224F00000000 /* TodayViewController.m */ = {isa = PBXFileReference; lastKnownFileType = sourcecode.c.objc; name = TodayViewController.m; path = "tulsi-workspace/tulsi_e2e_mac/src/extensions/today/ExtSources/TodayViewController.m"; sourceTree = "<group>"; };
		43D68C2834A5AC2900000000 /* TodayViewController.xib */ = {isa = PBXFileReference; lastKnownFileType = file.xib; name = TodayViewController.xib; path = "tulsi-workspace/tulsi_e2e_mac/Resources/extensions/today/TodayViewController.xib"; sourceTree = "<group>"; };
		43D68C283646FFE900000000 /* MyTodayExtension-Info.plist */ = {isa = PBXFileReference; lastKnownFileType = text.plist; name = "MyTodayExtension-Info.plist"; path = "tulsi-workspace/tulsi_e2e_mac/MyTodayExtension-Info.plist"; sourceTree = "<group>"; };
		43D68C283C553F8E00000000 /* main.m */ = {isa = PBXFileReference; lastKnownFileType = sourcecode.c.objc; name = main.m; path = "tulsi-workspace/tulsi_e2e_mac/src/main.m"; sourceTree = "<group>"; };
		43D68C284B9A871E00000000 /* MyMacOSApp-Info-binary.plist */ = {isa = PBXFileReference; explicitFileType = text.plist; name = "MyMacOSApp-Info-binary.plist"; path = "tulsi-workspace/_tulsi-includes/x/x/tulsi_e2e_mac/MyMacOSApp-Info-binary.plist"; sourceTree = "<group>"; };
		43D68C2854F3D12A00000000 /* MyTodayExtension-Info-binary.plist */ = {isa = PBXFileReference; explicitFileType = text.plist; name = "MyTodayExtension-Info-binary.plist"; path = "tulsi-workspace/_tulsi-includes/x/x/tulsi_e2e_mac/MyTodayExtension-Info-binary.plist"; sourceTree = "<group>"; };
		43D68C2859BF633C00000000 /* AppDelegate.h */ = {isa = PBXFileReference; lastKnownFileType = sourcecode.c.h; name = AppDelegate.h; path = "tulsi-workspace/tulsi_e2e_mac/src/AppDelegate.h"; sourceTree = "<group>"; };
		43D68C2859FC82CA00000000 /* AppDelegate.m */ = {isa = PBXFileReference; lastKnownFileType = sourcecode.c.objc; name = AppDelegate.m; path = "tulsi-workspace/tulsi_e2e_mac/src/AppDelegate.m"; sourceTree = "<group>"; };
		43D68C286BE5C4F400000000 /* TodayViewController.h */ = {isa = PBXFileReference; lastKnownFileType = sourcecode.c.h; name = TodayViewController.h; path = "tulsi-workspace/tulsi_e2e_mac/src/extensions/today/TodayViewController.h"; sourceTree = "<group>"; };
		43D68C2876BC0BC700000000 /* MyTodayExtension-Entitlements.entitlements */ = {isa = PBXFileReference; lastKnownFileType = "com.apple.xcode.entitlements-property-list"; name = "MyTodayExtension-Entitlements.entitlements"; path = "tulsi-workspace/tulsi_e2e_mac/MyTodayExtension-Entitlements.entitlements"; sourceTree = "<group>"; };
		43D68C289199386500000000 /* Info.plist */ = {isa = PBXFileReference; lastKnownFileType = text.plist; name = Info.plist; path = "tulsi-workspace/tulsi_e2e_mac/Info.plist"; sourceTree = "<group>"; };
		43D68C28936F558E00000000 /* MyTodayExtension.appex */ = {isa = PBXFileReference; explicitFileType = "wrapper.app-extension"; name = MyTodayExtension.appex; path = MyTodayExtension.appex; sourceTree = BUILT_PRODUCTS_DIR; };
		43D68C28A6703B8200000000 /* lib_idx_MyTodayExtensionSources_MyCommandLineAppSource_MyMacAppSources_F8389608_macos_min10.12.a */ = {isa = PBXFileReference; explicitFileType = archive.ar; name = lib_idx_MyTodayExtensionSources_MyCommandLineAppSource_MyMacAppSources_F8389608_macos_min10.12.a; path = lib_idx_MyTodayExtensionSources_MyCommandLineAppSource_MyMacAppSources_F8389608_macos_min10.12.a; sourceTree = BUILT_PRODUCTS_DIR; };
		43D68C28CBE52D2300000000 /* BUILD */ = {isa = PBXFileReference; lastKnownFileType = text; name = BUILD; path = tulsi_e2e_mac/BUILD; sourceTree = "<group>"; };
		43D68C28DE68C70F00000000 /* Main.storyboard */ = {isa = PBXFileReference; lastKnownFileType = file.storyboard; name = Main.storyboard; path = "tulsi-workspace/tulsi_e2e_mac/Resources/Main.storyboard"; sourceTree = "<group>"; };
		43D68C28F1794D7D00000000 /* MyCommandLineApp-Info.plist */ = {isa = PBXFileReference; lastKnownFileType = text.plist; name = "MyCommandLineApp-Info.plist"; path = "tulsi-workspace/tulsi_e2e_mac/MyCommandLineApp-Info.plist"; sourceTree = "<group>"; };
/* End PBXFileReference section */

/* Begin PBXGroup section */
		966FB6DE0562C2F700000000 /* Indexer */ = {
			isa = PBXGroup;
			children = (
				43D68C28A6703B8200000000 /* lib_idx_MyTodayExtensionSources_MyCommandLineAppSource_MyMacAppSources_F8389608_macos_min10.12.a */,
			);
			name = Indexer;
			sourceTree = "<group>";
		};
		966FB6DE05FFEC7B00000000 /* extensions */ = {
			isa = PBXGroup;
			children = (
				966FB6DEA15649C700000000 /* today */,
			);
			name = extensions;
			sourceTree = "<group>";
		};
		966FB6DE05FFEC7B00000001 /* extensions */ = {
			isa = PBXGroup;
			children = (
				966FB6DEA15649C700000001 /* today */,
			);
			name = extensions;
			sourceTree = "<group>";
		};
		966FB6DE07201E0200000000 /* _tulsi-includes */ = {
			isa = PBXGroup;
			children = (
				966FB6DE88DDC84A00000000 /* x */,
			);
			name = "_tulsi-includes";
			sourceTree = "<group>";
		};
		966FB6DE200CADE500000000 /* Resources */ = {
			isa = PBXGroup;
			children = (
				43D68C28DE68C70F00000000 /* Main.storyboard */,
				966FB6DE05FFEC7B00000000 /* extensions */,
			);
			name = Resources;
			sourceTree = "<group>";
		};
		966FB6DE2BD1037D00000000 /* Products */ = {
			isa = PBXGroup;
			children = (
				966FB6DE0562C2F700000000 /* Indexer */,
				43D68C281E9E743E00000000 /* MyCommandLineApp */,
				43D68C2810C8DA6C00000000 /* MyMacOSApp.app */,
				43D68C28936F558E00000000 /* MyTodayExtension.appex */,
				966FB6DE07201E0200000000 /* _tulsi-includes */,
			);
			name = Products;
			sourceTree = "<group>";
		};
		966FB6DE6C1A2E9100000000 /* mainGroup */ = {
			isa = PBXGroup;
			children = (
				966FB6DE2BD1037D00000000 /* Products */,
				966FB6DEA121610800000001 /* tulsi_e2e_mac */,
			);
			name = mainGroup;
			path = ..;
			sourceTree = SOURCE_ROOT;
		};
		966FB6DE88DDC84A00000000 /* x */ = {
			isa = PBXGroup;
			children = (
				966FB6DE88DDC84A00000001 /* x */,
			);
			name = x;
			sourceTree = "<group>";
		};
		966FB6DE88DDC84A00000001 /* x */ = {
			isa = PBXGroup;
			children = (
				966FB6DEA121610800000000 /* tulsi_e2e_mac */,
			);
			name = x;
			sourceTree = "<group>";
		};
		966FB6DE97B5B88200000000 /* src */ = {
			isa = PBXGroup;
			children = (
				43D68C2859BF633C00000000 /* AppDelegate.h */,
				43D68C2859FC82CA00000000 /* AppDelegate.m */,
				966FB6DE05FFEC7B00000001 /* extensions */,
				43D68C283C553F8E00000000 /* main.m */,
			);
			name = src;
			sourceTree = "<group>";
		};
		966FB6DE987F633E00000000 /* ExtSources */ = {
			isa = PBXGroup;
			children = (
				43D68C282511224F00000000 /* TodayViewController.m */,
			);
			name = ExtSources;
			sourceTree = "<group>";
		};
		966FB6DEA121610800000000 /* tulsi_e2e_mac */ = {
			isa = PBXGroup;
			children = (
				43D68C284B9A871E00000000 /* MyMacOSApp-Info-binary.plist */,
				43D68C2854F3D12A00000000 /* MyTodayExtension-Info-binary.plist */,
			);
			name = tulsi_e2e_mac;
			sourceTree = "<group>";
		};
		966FB6DEA121610800000001 /* tulsi_e2e_mac */ = {
			isa = PBXGroup;
			children = (
				43D68C28CBE52D2300000000 /* BUILD */,
				43D68C289199386500000000 /* Info.plist */,
				43D68C28F1794D7D00000000 /* MyCommandLineApp-Info.plist */,
				43D68C2876BC0BC700000000 /* MyTodayExtension-Entitlements.entitlements */,
				43D68C283646FFE900000000 /* MyTodayExtension-Info.plist */,
				966FB6DE200CADE500000000 /* Resources */,
				966FB6DE97B5B88200000000 /* src */,
			);
			name = tulsi_e2e_mac;
			sourceTree = "<group>";
		};
		966FB6DEA15649C700000000 /* today */ = {
			isa = PBXGroup;
			children = (
				43D68C2834A5AC2900000000 /* TodayViewController.xib */,
			);
			name = today;
			sourceTree = "<group>";
		};
		966FB6DEA15649C700000001 /* today */ = {
			isa = PBXGroup;
			children = (
				966FB6DE987F633E00000000 /* ExtSources */,
				43D68C286BE5C4F400000000 /* TodayViewController.h */,
			);
			name = today;
			sourceTree = "<group>";
		};
/* End PBXGroup section */

/* Begin PBXLegacyTarget section */
		ECCC95946921D83400000000 /* _bazel_clean_ */ = {
			isa = PBXLegacyTarget;
			buildArgumentsString = "\"/fake/tulsi_test_bazel\" \"bazel-bin\"";
			buildConfigurationList = DE475583CA83BF7E00000000 /* Build configuration list for PBXLegacyTarget "_bazel_clean_" */;
			buildPhases = (
			);
			buildToolPath = "${PROJECT_FILE_PATH}/.tulsi/Scripts/bazel_clean.sh";
			buildWorkingDirectory = "${SRCROOT}/..";
			dependencies = (
			);
			name = _bazel_clean_;
			passBuildSettingsInEnvironment = 1;
			productName = _bazel_clean_;
		};
/* End PBXLegacyTarget section */

/* Begin PBXNativeTarget section */
		3D31C5E61E9E743E00000000 /* MyCommandLineApp */ = {
			isa = PBXNativeTarget;
			buildConfigurationList = DE4755832C9B8E5500000000 /* Build configuration list for PBXNativeTarget "MyCommandLineApp" */;
			buildPhases = (
				84B42271A7D2E4F400000000 /* ShellScript */,
			);
			buildRules = (
			);
			dependencies = (
				4DAD0B426921D83500000000 /* PBXTargetDependency */,
			);
			name = MyCommandLineApp;
			productName = MyCommandLineApp;
			productReference = 43D68C281E9E743E00000000 /* MyCommandLineApp */;
			productType = "com.apple.product-type.tool";
		};
		3D31C5E665954B6A00000000 /* MyTodayExtension */ = {
			isa = PBXNativeTarget;
			buildConfigurationList = DE4755839935C7EB00000000 /* Build configuration list for PBXNativeTarget "MyTodayExtension" */;
			buildPhases = (
				84B42271A7D2E4F400000001 /* ShellScript */,
			);
			buildRules = (
			);
			dependencies = (
				4DAD0B426921D83500000000 /* PBXTargetDependency */,
			);
			name = MyTodayExtension;
			productName = MyTodayExtension;
			productReference = 43D68C28936F558E00000000 /* MyTodayExtension.appex */;
			productType = "com.apple.product-type.app-extension";
		};
		3D31C5E6F53E4F0A00000000 /* MyMacOSApp */ = {
			isa = PBXNativeTarget;
			buildConfigurationList = DE47558336864DFB00000000 /* Build configuration list for PBXNativeTarget "MyMacOSApp" */;
			buildPhases = (
				84B42271CAC9872900000000 /* ShellScript */,
			);
			buildRules = (
			);
			dependencies = (
				4DAD0B426921D83500000000 /* PBXTargetDependency */,
			);
			name = MyMacOSApp;
			productName = MyMacOSApp;
			productReference = 43D68C2810C8DA6C00000000 /* MyMacOSApp.app */;
			productType = "com.apple.product-type.application";
		};
		3D31C5E6F77D1C0800000000 /* _idx_MyTodayExtensionSources_MyCommandLineAppSource_MyMacAppSources_F8389608_macos_min10.12 */ = {
			isa = PBXNativeTarget;
			buildConfigurationList = DE4755830ED6DB7C00000000 /* Build configuration list for PBXNativeTarget "_idx_MyTodayExtensionSources_MyCommandLineAppSource_MyMacAppSources_F8389608_macos_min10.12" */;
			buildPhases = (
				605793E20000000000000000 /* Sources */,
			);
			buildRules = (
			);
			dependencies = (
				4DAD0B426921D83500000000 /* PBXTargetDependency */,
			);
			name = _idx_MyTodayExtensionSources_MyCommandLineAppSource_MyMacAppSources_F8389608_macos_min10.12;
			productName = _idx_MyTodayExtensionSources_MyCommandLineAppSource_MyMacAppSources_F8389608_macos_min10.12;
			productReference = 43D68C28A6703B8200000000 /* lib_idx_MyTodayExtensionSources_MyCommandLineAppSource_MyMacAppSources_F8389608_macos_min10.12.a */;
			productType = "com.apple.product-type.library.static";
		};
/* End PBXNativeTarget section */

/* Begin PBXProject section */
		7E7BD0EAB92C4AB700000000 /* Project object */ = {
			isa = PBXProject;
			attributes = {
				LastSwiftUpdateCheck = 0710;
				LastUpgradeCheck = 0900;
			};
			buildConfigurationList = DE4755839F69ADF100000000 /* Build configuration list for PBXProject "MacOSProject" */;
			compatibilityVersion = "Xcode 3.2";
			developmentRegion = English;
			hasScannedForEncodings = 0;
			knownRegions = (
				en,
			);
			mainGroup = 966FB6DE6C1A2E9100000000 /* mainGroup */;
			targets = (
				3D31C5E61E9E743E00000000 /* MyCommandLineApp */,
				3D31C5E6F53E4F0A00000000 /* MyMacOSApp */,
				3D31C5E665954B6A00000000 /* MyTodayExtension */,
				ECCC95946921D83400000000 /* _bazel_clean_ */,
				3D31C5E6F77D1C0800000000 /* _idx_MyTodayExtensionSources_MyCommandLineAppSource_MyMacAppSources_F8389608_macos_min10.12 */,
			);
		};
/* End PBXProject section */

/* Begin PBXShellScriptBuildPhase section */
		84B42271A7D2E4F400000000 /* ShellScript */ = {
			isa = PBXShellScriptBuildPhase;
			buildActionMask = 0;
			files = (
			);
			inputPaths = (
			);
			outputPaths = (
			);
			runOnlyForDeploymentPostprocessing = 0;
			shellPath = /bin/bash;
			shellScript = "set -e\ncd \"${SRCROOT}/..\"\nexec \"${PROJECT_FILE_PATH}/.tulsi/Scripts/bazel_build.py\" //tulsi_e2e_mac:MyCommandLineApp --bazel \"/fake/tulsi_test_bazel\" --bazel_bin_path \"bazel-bin\" --verbose --bazel_options[Debug] --define=TULSI_TEST=dbg --workspace_status_command=/usr/bin/true --ios_minimum_os=7.0 --macos_minimum_os=10.10 --tvos_minimum_os=10.0 --watchos_minimum_os=3.0 --xcode_version=9.2 -- --bazel_options[Release] --define=TULSI_TEST=rel --workspace_status_command=/usr/bin/true --ios_minimum_os=7.0 --macos_minimum_os=10.10 --tvos_minimum_os=10.0 --watchos_minimum_os=3.0 --xcode_version=9.2 -- --bazel_startup_options[Debug] --bazelrc=/dev/null -- ";
			showEnvVarsInLog = 1;
		};
		84B42271A7D2E4F400000001 /* ShellScript */ = {
			isa = PBXShellScriptBuildPhase;
			buildActionMask = 0;
			files = (
			);
			inputPaths = (
			);
			outputPaths = (
			);
			runOnlyForDeploymentPostprocessing = 0;
			shellPath = /bin/bash;
			shellScript = "set -e\ncd \"${SRCROOT}/..\"\nexec \"${PROJECT_FILE_PATH}/.tulsi/Scripts/bazel_build.py\" //tulsi_e2e_mac:MyTodayExtension --bazel \"/fake/tulsi_test_bazel\" --bazel_bin_path \"bazel-bin\" --verbose --bazel_options[Debug] --define=TULSI_TEST=dbg --workspace_status_command=/usr/bin/true --ios_minimum_os=7.0 --macos_minimum_os=10.10 --tvos_minimum_os=10.0 --watchos_minimum_os=3.0 --xcode_version=9.2 -- --bazel_options[Release] --define=TULSI_TEST=rel --workspace_status_command=/usr/bin/true --ios_minimum_os=7.0 --macos_minimum_os=10.10 --tvos_minimum_os=10.0 --watchos_minimum_os=3.0 --xcode_version=9.2 -- --bazel_startup_options[Debug] --bazelrc=/dev/null -- ";
			showEnvVarsInLog = 1;
		};
		84B42271CAC9872900000000 /* ShellScript */ = {
			isa = PBXShellScriptBuildPhase;
			buildActionMask = 0;
			files = (
			);
			inputPaths = (
			);
			outputPaths = (
			);
			runOnlyForDeploymentPostprocessing = 0;
			shellPath = /bin/bash;
			shellScript = "set -e\ncd \"${SRCROOT}/..\"\nexec \"${PROJECT_FILE_PATH}/.tulsi/Scripts/bazel_build.py\" //tulsi_e2e_mac:MyMacOSApp --bazel \"/fake/tulsi_test_bazel\" --bazel_bin_path \"bazel-bin\" --verbose --bazel_options[Debug] --define=TULSI_TEST=dbg --workspace_status_command=/usr/bin/true --ios_minimum_os=7.0 --macos_minimum_os=10.10 --tvos_minimum_os=10.0 --watchos_minimum_os=3.0 --xcode_version=9.2 -- --bazel_options[Release] --define=TULSI_TEST=rel --workspace_status_command=/usr/bin/true --ios_minimum_os=7.0 --macos_minimum_os=10.10 --tvos_minimum_os=10.0 --watchos_minimum_os=3.0 --xcode_version=9.2 -- --bazel_startup_options[Debug] --bazelrc=/dev/null -- ";
			showEnvVarsInLog = 1;
		};
/* End PBXShellScriptBuildPhase section */

/* Begin PBXSourcesBuildPhase section */
		605793E20000000000000000 /* Sources */ = {
			isa = PBXSourcesBuildPhase;
			buildActionMask = 0;
			files = (
				E6AF49472511224F00000000 /* TodayViewController.m in ExtSources */,
				E6AF49473C553F8E00000000 /* main.m in src */,
				E6AF494759FC82CA00000000 /* AppDelegate.m in src */,
				E6AF49473C553F8E00000001 /* main.m in src */,
			);
			runOnlyForDeploymentPostprocessing = 0;
		};
/* End PBXSourcesBuildPhase section */

/* Begin PBXTargetDependency section */
		4DAD0B426921D83500000000 /* PBXTargetDependency */ = {
			isa = PBXTargetDependency;
			targetProxy = 819366726921D83500000000 /* PBXContainerItemProxy */;
		};
/* End PBXTargetDependency section */

/* Begin XCBuildConfiguration section */
		44936BD67EED3C4D00000000 /* Debug */ = {
			isa = XCBuildConfiguration;
			buildSettings = {
				ALWAYS_SEARCH_USER_PATHS = NO;
				CLANG_ENABLE_OBJC_ARC = YES;
				CLANG_WARN_BOOL_CONVERSION = YES;
				CLANG_WARN_CONSTANT_CONVERSION = YES;
				CLANG_WARN_EMPTY_BODY = YES;
				CLANG_WARN_ENUM_CONVERSION = YES;
				CLANG_WARN_INT_CONVERSION = YES;
				CLANG_WARN_UNREACHABLE_CODE = YES;
				CLANG_WARN__DUPLICATE_METHOD_MATCH = YES;
				CODE_SIGNING_REQUIRED = NO;
				CODE_SIGN_IDENTITY = "";
				ENABLE_TESTABILITY = YES;
				FRAMEWORK_SEARCH_PATHS = "$(PLATFORM_DIR)/Developer/Library/Frameworks";
				GCC_PREPROCESSOR_DEFINITIONS = "DEBUG=1";
				GCC_WARN_64_TO_32_BIT_CONVERSION = YES;
				GCC_WARN_ABOUT_RETURN_TYPE = YES;
				GCC_WARN_UNDECLARED_SELECTOR = YES;
				GCC_WARN_UNINITIALIZED_AUTOS = YES;
				GCC_WARN_UNUSED_FUNCTION = YES;
				GCC_WARN_UNUSED_VARIABLE = YES;
				HEADER_SEARCH_PATHS = "$(TULSI_BWRS) $(TULSI_WR)/bazel-bin $(TULSI_WR)/bazel-genfiles $(TULSI_BWRS)/_tulsi-includes/x/x";
				ONLY_ACTIVE_ARCH = YES;
				PYTHONIOENCODING = utf8;
				SDKROOT = macosx;
				TULSI_BWRS = "${TULSI_WR}/tulsi-workspace";
				TULSI_DIRECT_DBG_PREFIX_MAP = YES;
				TULSI_PROJECT = MacOSProject;
				TULSI_VERSION = 9.99.999.9999;
				TULSI_WR = "${SRCROOT}/..";
			};
			name = Debug;
		};
		44936BD67EED3C4D00000001 /* Debug */ = {
			isa = XCBuildConfiguration;
			buildSettings = {
				ASSETCATALOG_COMPILER_LAUNCHIMAGE_NAME = "Stub Launch Image";
				BAZEL_TARGET = "//tulsi_e2e_mac:MyCommandLineApp";
				DEBUG_INFORMATION_FORMAT = dwarf;
				GCC_PREPROCESSOR_DEFINITIONS = "DEBUG=1";
				INFOPLIST_FILE = "${PROJECT_FILE_PATH}/.tulsi/Resources/StubInfoPlist.plist";
				MACOSX_DEPLOYMENT_TARGET = 10.12;
				PRODUCT_BUNDLE_IDENTIFIER = "com.example.command-line";
				PRODUCT_NAME = MyCommandLineApp;
				SDKROOT = macosx;
				TULSI_BUILD_PATH = tulsi_e2e_mac;
				TULSI_SWIFT_DEPENDENCY = NO;
			};
			name = Debug;
		};
		44936BD67EED3C4D00000002 /* Debug */ = {
			isa = XCBuildConfiguration;
			buildSettings = {
				ASSETCATALOG_COMPILER_LAUNCHIMAGE_NAME = "Stub Launch Image";
				BAZEL_TARGET = "//tulsi_e2e_mac:MyMacOSApp";
				DEBUG_INFORMATION_FORMAT = dwarf;
				GCC_PREPROCESSOR_DEFINITIONS = "DEBUG=1";
				INFOPLIST_FILE = "${PROJECT_FILE_PATH}/.tulsi/Resources/StubInfoPlist.plist";
				MACOSX_DEPLOYMENT_TARGET = 10.12;
				PRODUCT_BUNDLE_IDENTIFIER = "com.example.mac-app";
				PRODUCT_NAME = MyMacOSApp;
				SDKROOT = macosx;
				TULSI_BUILD_PATH = tulsi_e2e_mac;
				TULSI_SWIFT_DEPENDENCY = NO;
			};
			name = Debug;
		};
		44936BD67EED3C4D00000003 /* Debug */ = {
			isa = XCBuildConfiguration;
			buildSettings = {
				ASSETCATALOG_COMPILER_LAUNCHIMAGE_NAME = "Stub Launch Image";
				BAZEL_TARGET = "//tulsi_e2e_mac:MyTodayExtension";
				DEBUG_INFORMATION_FORMAT = dwarf;
				GCC_PREPROCESSOR_DEFINITIONS = "DEBUG=1";
				INFOPLIST_FILE = "${PROJECT_FILE_PATH}/.tulsi/Resources/Stub_tulsi_e2e_mac-MyTodayExtension.plist";
				MACOSX_DEPLOYMENT_TARGET = 10.12;
				PRODUCT_BUNDLE_IDENTIFIER = "com.example.mac-app.today-extension";
				PRODUCT_NAME = MyTodayExtension;
				SDKROOT = macosx;
				TULSI_BUILD_PATH = tulsi_e2e_mac;
				TULSI_SWIFT_DEPENDENCY = NO;
			};
			name = Debug;
		};
		44936BD67EED3C4D00000004 /* Debug */ = {
			isa = XCBuildConfiguration;
			buildSettings = {
				GCC_PREPROCESSOR_DEFINITIONS = "DEBUG=1";
				HEADER_SEARCH_PATHS = "$(inherited) $(TULSI_BWRS)/tools/cpp/gcc3 ";
				MACOSX_DEPLOYMENT_TARGET = 10.12;
				PRODUCT_NAME = _idx_MyTodayExtensionSources_MyCommandLineAppSource_MyMacAppSources_F8389608_macos_min10.12;
				SDKROOT = macosx;
				USER_HEADER_SEARCH_PATHS = "$(TULSI_WR)";
			};
			name = Debug;
		};
		44936BD6A3D45CE900000000 /* Release */ = {
			isa = XCBuildConfiguration;
			buildSettings = {
				ALWAYS_SEARCH_USER_PATHS = NO;
				CLANG_ENABLE_OBJC_ARC = YES;
				CLANG_WARN_BOOL_CONVERSION = YES;
				CLANG_WARN_CONSTANT_CONVERSION = YES;
				CLANG_WARN_EMPTY_BODY = YES;
				CLANG_WARN_ENUM_CONVERSION = YES;
				CLANG_WARN_INT_CONVERSION = YES;
				CLANG_WARN_UNREACHABLE_CODE = YES;
				CLANG_WARN__DUPLICATE_METHOD_MATCH = YES;
				CODE_SIGNING_REQUIRED = NO;
				CODE_SIGN_IDENTITY = "";
				ENABLE_TESTABILITY = YES;
				FRAMEWORK_SEARCH_PATHS = "$(PLATFORM_DIR)/Developer/Library/Frameworks";
				GCC_PREPROCESSOR_DEFINITIONS = "NDEBUG=1";
				GCC_WARN_64_TO_32_BIT_CONVERSION = YES;
				GCC_WARN_ABOUT_RETURN_TYPE = YES;
				GCC_WARN_UNDECLARED_SELECTOR = YES;
				GCC_WARN_UNINITIALIZED_AUTOS = YES;
				GCC_WARN_UNUSED_FUNCTION = YES;
				GCC_WARN_UNUSED_VARIABLE = YES;
				HEADER_SEARCH_PATHS = "$(TULSI_BWRS) $(TULSI_WR)/bazel-bin $(TULSI_WR)/bazel-genfiles $(TULSI_BWRS)/_tulsi-includes/x/x";
				ONLY_ACTIVE_ARCH = YES;
				PYTHONIOENCODING = utf8;
				SDKROOT = macosx;
				TULSI_BWRS = "${TULSI_WR}/tulsi-workspace";
				TULSI_DIRECT_DBG_PREFIX_MAP = YES;
				TULSI_MUST_USE_DSYM = YES;
				TULSI_PROJECT = MacOSProject;
				TULSI_VERSION = 9.99.999.9999;
				TULSI_WR = "${SRCROOT}/..";
			};
			name = Release;
		};
		44936BD6A3D45CE900000001 /* Release */ = {
			isa = XCBuildConfiguration;
			buildSettings = {
				ASSETCATALOG_COMPILER_LAUNCHIMAGE_NAME = "Stub Launch Image";
				BAZEL_TARGET = "//tulsi_e2e_mac:MyCommandLineApp";
				DEBUG_INFORMATION_FORMAT = dwarf;
				GCC_PREPROCESSOR_DEFINITIONS = "NDEBUG=1";
				INFOPLIST_FILE = "${PROJECT_FILE_PATH}/.tulsi/Resources/StubInfoPlist.plist";
				MACOSX_DEPLOYMENT_TARGET = 10.12;
				PRODUCT_BUNDLE_IDENTIFIER = "com.example.command-line";
				PRODUCT_NAME = MyCommandLineApp;
				SDKROOT = macosx;
				TULSI_BUILD_PATH = tulsi_e2e_mac;
				TULSI_MUST_USE_DSYM = YES;
				TULSI_SWIFT_DEPENDENCY = NO;
			};
			name = Release;
		};
		44936BD6A3D45CE900000002 /* Release */ = {
			isa = XCBuildConfiguration;
			buildSettings = {
				ASSETCATALOG_COMPILER_LAUNCHIMAGE_NAME = "Stub Launch Image";
				BAZEL_TARGET = "//tulsi_e2e_mac:MyMacOSApp";
				DEBUG_INFORMATION_FORMAT = dwarf;
				GCC_PREPROCESSOR_DEFINITIONS = "NDEBUG=1";
				INFOPLIST_FILE = "${PROJECT_FILE_PATH}/.tulsi/Resources/StubInfoPlist.plist";
				MACOSX_DEPLOYMENT_TARGET = 10.12;
				PRODUCT_BUNDLE_IDENTIFIER = "com.example.mac-app";
				PRODUCT_NAME = MyMacOSApp;
				SDKROOT = macosx;
				TULSI_BUILD_PATH = tulsi_e2e_mac;
				TULSI_MUST_USE_DSYM = YES;
				TULSI_SWIFT_DEPENDENCY = NO;
			};
			name = Release;
		};
		44936BD6A3D45CE900000003 /* Release */ = {
			isa = XCBuildConfiguration;
			buildSettings = {
				ASSETCATALOG_COMPILER_LAUNCHIMAGE_NAME = "Stub Launch Image";
				BAZEL_TARGET = "//tulsi_e2e_mac:MyTodayExtension";
				DEBUG_INFORMATION_FORMAT = dwarf;
				GCC_PREPROCESSOR_DEFINITIONS = "NDEBUG=1";
				INFOPLIST_FILE = "${PROJECT_FILE_PATH}/.tulsi/Resources/Stub_tulsi_e2e_mac-MyTodayExtension.plist";
				MACOSX_DEPLOYMENT_TARGET = 10.12;
				PRODUCT_BUNDLE_IDENTIFIER = "com.example.mac-app.today-extension";
				PRODUCT_NAME = MyTodayExtension;
				SDKROOT = macosx;
				TULSI_BUILD_PATH = tulsi_e2e_mac;
				TULSI_MUST_USE_DSYM = YES;
				TULSI_SWIFT_DEPENDENCY = NO;
			};
			name = Release;
		};
		44936BD6A3D45CE900000004 /* Release */ = {
			isa = XCBuildConfiguration;
			buildSettings = {
				GCC_PREPROCESSOR_DEFINITIONS = "NDEBUG=1";
				HEADER_SEARCH_PATHS = "$(inherited) $(TULSI_BWRS)/tools/cpp/gcc3 ";
				MACOSX_DEPLOYMENT_TARGET = 10.12;
				PRODUCT_NAME = _idx_MyTodayExtensionSources_MyCommandLineAppSource_MyMacAppSources_F8389608_macos_min10.12;
				SDKROOT = macosx;
				USER_HEADER_SEARCH_PATHS = "$(TULSI_WR)";
			};
			name = Release;
		};
		44936BD6C928366700000000 /* __TulsiTestRunner_Debug */ = {
			isa = XCBuildConfiguration;
			buildSettings = {
				ALWAYS_SEARCH_USER_PATHS = NO;
				CLANG_ENABLE_OBJC_ARC = YES;
				CLANG_WARN_BOOL_CONVERSION = YES;
				CLANG_WARN_CONSTANT_CONVERSION = YES;
				CLANG_WARN_EMPTY_BODY = YES;
				CLANG_WARN_ENUM_CONVERSION = YES;
				CLANG_WARN_INT_CONVERSION = YES;
				CLANG_WARN_UNREACHABLE_CODE = YES;
				CLANG_WARN__DUPLICATE_METHOD_MATCH = YES;
				CODE_SIGNING_REQUIRED = NO;
				CODE_SIGN_IDENTITY = "";
				ENABLE_TESTABILITY = YES;
				FRAMEWORK_SEARCH_PATHS = "";
				GCC_PREPROCESSOR_DEFINITIONS = "DEBUG=1";
				GCC_WARN_64_TO_32_BIT_CONVERSION = YES;
				GCC_WARN_ABOUT_RETURN_TYPE = YES;
				GCC_WARN_UNDECLARED_SELECTOR = YES;
				GCC_WARN_UNINITIALIZED_AUTOS = YES;
				GCC_WARN_UNUSED_FUNCTION = YES;
				GCC_WARN_UNUSED_VARIABLE = YES;
				HEADER_SEARCH_PATHS = "";
				ONLY_ACTIVE_ARCH = YES;
				OTHER_CFLAGS = "-help";
				OTHER_LDFLAGS = "-help";
				OTHER_SWIFT_FLAGS = "-help";
				PYTHONIOENCODING = utf8;
				SDKROOT = macosx;
				SWIFT_INSTALL_OBJC_HEADER = NO;
				SWIFT_OBJC_INTERFACE_HEADER_NAME = "$(PRODUCT_NAME).h";
				TULSI_BWRS = "${TULSI_WR}/tulsi-workspace";
				TULSI_DIRECT_DBG_PREFIX_MAP = YES;
				TULSI_PROJECT = MacOSProject;
				TULSI_VERSION = 9.99.999.9999;
				TULSI_WR = "${SRCROOT}/..";
			};
			name = __TulsiTestRunner_Debug;
		};
		44936BD6C928366700000001 /* __TulsiTestRunner_Debug */ = {
			isa = XCBuildConfiguration;
			buildSettings = {
				ASSETCATALOG_COMPILER_LAUNCHIMAGE_NAME = "Stub Launch Image";
				BAZEL_TARGET = "//tulsi_e2e_mac:MyCommandLineApp";
				DEBUG_INFORMATION_FORMAT = dwarf;
				FRAMEWORK_SEARCH_PATHS = "";
				GCC_PREPROCESSOR_DEFINITIONS = "DEBUG=1";
				HEADER_SEARCH_PATHS = "";
				INFOPLIST_FILE = "${PROJECT_FILE_PATH}/.tulsi/Resources/StubInfoPlist.plist";
				MACOSX_DEPLOYMENT_TARGET = 10.12;
				ONLY_ACTIVE_ARCH = YES;
				OTHER_CFLAGS = "-help";
				OTHER_LDFLAGS = "-help";
				OTHER_SWIFT_FLAGS = "-help";
				PRODUCT_BUNDLE_IDENTIFIER = "com.example.command-line";
				PRODUCT_NAME = MyCommandLineApp;
				SDKROOT = macosx;
				SWIFT_INSTALL_OBJC_HEADER = NO;
				SWIFT_OBJC_INTERFACE_HEADER_NAME = "$(PRODUCT_NAME).h";
				TULSI_BUILD_PATH = tulsi_e2e_mac;
				TULSI_SWIFT_DEPENDENCY = NO;
			};
			name = __TulsiTestRunner_Debug;
		};
		44936BD6C928366700000002 /* __TulsiTestRunner_Debug */ = {
			isa = XCBuildConfiguration;
			buildSettings = {
				ASSETCATALOG_COMPILER_LAUNCHIMAGE_NAME = "Stub Launch Image";
				BAZEL_TARGET = "//tulsi_e2e_mac:MyMacOSApp";
				DEBUG_INFORMATION_FORMAT = dwarf;
				FRAMEWORK_SEARCH_PATHS = "";
				GCC_PREPROCESSOR_DEFINITIONS = "DEBUG=1";
				HEADER_SEARCH_PATHS = "";
				INFOPLIST_FILE = "${PROJECT_FILE_PATH}/.tulsi/Resources/StubInfoPlist.plist";
				MACOSX_DEPLOYMENT_TARGET = 10.12;
				ONLY_ACTIVE_ARCH = YES;
				OTHER_CFLAGS = "-help";
				OTHER_LDFLAGS = "-help";
				OTHER_SWIFT_FLAGS = "-help";
				PRODUCT_BUNDLE_IDENTIFIER = "com.example.mac-app";
				PRODUCT_NAME = MyMacOSApp;
				SDKROOT = macosx;
				SWIFT_INSTALL_OBJC_HEADER = NO;
				SWIFT_OBJC_INTERFACE_HEADER_NAME = "$(PRODUCT_NAME).h";
				TULSI_BUILD_PATH = tulsi_e2e_mac;
				TULSI_SWIFT_DEPENDENCY = NO;
			};
			name = __TulsiTestRunner_Debug;
		};
		44936BD6C928366700000003 /* __TulsiTestRunner_Debug */ = {
			isa = XCBuildConfiguration;
			buildSettings = {
				ASSETCATALOG_COMPILER_LAUNCHIMAGE_NAME = "Stub Launch Image";
				BAZEL_TARGET = "//tulsi_e2e_mac:MyTodayExtension";
				DEBUG_INFORMATION_FORMAT = dwarf;
				FRAMEWORK_SEARCH_PATHS = "";
				GCC_PREPROCESSOR_DEFINITIONS = "DEBUG=1";
				HEADER_SEARCH_PATHS = "";
				INFOPLIST_FILE = "${PROJECT_FILE_PATH}/.tulsi/Resources/Stub_tulsi_e2e_mac-MyTodayExtension.plist";
				MACOSX_DEPLOYMENT_TARGET = 10.12;
				ONLY_ACTIVE_ARCH = YES;
				OTHER_CFLAGS = "-help";
				OTHER_LDFLAGS = "-help";
				OTHER_SWIFT_FLAGS = "-help";
				PRODUCT_BUNDLE_IDENTIFIER = "com.example.mac-app.today-extension";
				PRODUCT_NAME = MyTodayExtension;
				SDKROOT = macosx;
				SWIFT_INSTALL_OBJC_HEADER = NO;
				SWIFT_OBJC_INTERFACE_HEADER_NAME = "$(PRODUCT_NAME).h";
				TULSI_BUILD_PATH = tulsi_e2e_mac;
				TULSI_SWIFT_DEPENDENCY = NO;
			};
			name = __TulsiTestRunner_Debug;
		};
		44936BD6FCBCA00300000000 /* __TulsiTestRunner_Release */ = {
			isa = XCBuildConfiguration;
			buildSettings = {
				ALWAYS_SEARCH_USER_PATHS = NO;
				CLANG_ENABLE_OBJC_ARC = YES;
				CLANG_WARN_BOOL_CONVERSION = YES;
				CLANG_WARN_CONSTANT_CONVERSION = YES;
				CLANG_WARN_EMPTY_BODY = YES;
				CLANG_WARN_ENUM_CONVERSION = YES;
				CLANG_WARN_INT_CONVERSION = YES;
				CLANG_WARN_UNREACHABLE_CODE = YES;
				CLANG_WARN__DUPLICATE_METHOD_MATCH = YES;
				CODE_SIGNING_REQUIRED = NO;
				CODE_SIGN_IDENTITY = "";
				ENABLE_TESTABILITY = YES;
				FRAMEWORK_SEARCH_PATHS = "";
				GCC_PREPROCESSOR_DEFINITIONS = "NDEBUG=1";
				GCC_WARN_64_TO_32_BIT_CONVERSION = YES;
				GCC_WARN_ABOUT_RETURN_TYPE = YES;
				GCC_WARN_UNDECLARED_SELECTOR = YES;
				GCC_WARN_UNINITIALIZED_AUTOS = YES;
				GCC_WARN_UNUSED_FUNCTION = YES;
				GCC_WARN_UNUSED_VARIABLE = YES;
				HEADER_SEARCH_PATHS = "";
				ONLY_ACTIVE_ARCH = YES;
				OTHER_CFLAGS = "-help";
				OTHER_LDFLAGS = "-help";
				OTHER_SWIFT_FLAGS = "-help";
				PYTHONIOENCODING = utf8;
				SDKROOT = macosx;
				SWIFT_INSTALL_OBJC_HEADER = NO;
				SWIFT_OBJC_INTERFACE_HEADER_NAME = "$(PRODUCT_NAME).h";
				TULSI_BWRS = "${TULSI_WR}/tulsi-workspace";
				TULSI_DIRECT_DBG_PREFIX_MAP = YES;
				TULSI_MUST_USE_DSYM = YES;
				TULSI_PROJECT = MacOSProject;
				TULSI_VERSION = 9.99.999.9999;
				TULSI_WR = "${SRCROOT}/..";
			};
			name = __TulsiTestRunner_Release;
		};
		44936BD6FCBCA00300000001 /* __TulsiTestRunner_Release */ = {
			isa = XCBuildConfiguration;
			buildSettings = {
				ASSETCATALOG_COMPILER_LAUNCHIMAGE_NAME = "Stub Launch Image";
				BAZEL_TARGET = "//tulsi_e2e_mac:MyCommandLineApp";
				DEBUG_INFORMATION_FORMAT = dwarf;
				FRAMEWORK_SEARCH_PATHS = "";
				GCC_PREPROCESSOR_DEFINITIONS = "NDEBUG=1";
				HEADER_SEARCH_PATHS = "";
				INFOPLIST_FILE = "${PROJECT_FILE_PATH}/.tulsi/Resources/StubInfoPlist.plist";
				MACOSX_DEPLOYMENT_TARGET = 10.12;
				ONLY_ACTIVE_ARCH = YES;
				OTHER_CFLAGS = "-help";
				OTHER_LDFLAGS = "-help";
				OTHER_SWIFT_FLAGS = "-help";
				PRODUCT_BUNDLE_IDENTIFIER = "com.example.command-line";
				PRODUCT_NAME = MyCommandLineApp;
				SDKROOT = macosx;
				SWIFT_INSTALL_OBJC_HEADER = NO;
				SWIFT_OBJC_INTERFACE_HEADER_NAME = "$(PRODUCT_NAME).h";
				TULSI_BUILD_PATH = tulsi_e2e_mac;
				TULSI_MUST_USE_DSYM = YES;
				TULSI_SWIFT_DEPENDENCY = NO;
			};
			name = __TulsiTestRunner_Release;
		};
		44936BD6FCBCA00300000002 /* __TulsiTestRunner_Release */ = {
			isa = XCBuildConfiguration;
			buildSettings = {
				ASSETCATALOG_COMPILER_LAUNCHIMAGE_NAME = "Stub Launch Image";
				BAZEL_TARGET = "//tulsi_e2e_mac:MyMacOSApp";
				DEBUG_INFORMATION_FORMAT = dwarf;
				FRAMEWORK_SEARCH_PATHS = "";
				GCC_PREPROCESSOR_DEFINITIONS = "NDEBUG=1";
				HEADER_SEARCH_PATHS = "";
				INFOPLIST_FILE = "${PROJECT_FILE_PATH}/.tulsi/Resources/StubInfoPlist.plist";
				MACOSX_DEPLOYMENT_TARGET = 10.12;
				ONLY_ACTIVE_ARCH = YES;
				OTHER_CFLAGS = "-help";
				OTHER_LDFLAGS = "-help";
				OTHER_SWIFT_FLAGS = "-help";
				PRODUCT_BUNDLE_IDENTIFIER = "com.example.mac-app";
				PRODUCT_NAME = MyMacOSApp;
				SDKROOT = macosx;
				SWIFT_INSTALL_OBJC_HEADER = NO;
				SWIFT_OBJC_INTERFACE_HEADER_NAME = "$(PRODUCT_NAME).h";
				TULSI_BUILD_PATH = tulsi_e2e_mac;
				TULSI_MUST_USE_DSYM = YES;
				TULSI_SWIFT_DEPENDENCY = NO;
			};
			name = __TulsiTestRunner_Release;
		};
		44936BD6FCBCA00300000003 /* __TulsiTestRunner_Release */ = {
			isa = XCBuildConfiguration;
			buildSettings = {
				ASSETCATALOG_COMPILER_LAUNCHIMAGE_NAME = "Stub Launch Image";
				BAZEL_TARGET = "//tulsi_e2e_mac:MyTodayExtension";
				DEBUG_INFORMATION_FORMAT = dwarf;
				FRAMEWORK_SEARCH_PATHS = "";
				GCC_PREPROCESSOR_DEFINITIONS = "NDEBUG=1";
				HEADER_SEARCH_PATHS = "";
				INFOPLIST_FILE = "${PROJECT_FILE_PATH}/.tulsi/Resources/Stub_tulsi_e2e_mac-MyTodayExtension.plist";
				MACOSX_DEPLOYMENT_TARGET = 10.12;
				ONLY_ACTIVE_ARCH = YES;
				OTHER_CFLAGS = "-help";
				OTHER_LDFLAGS = "-help";
				OTHER_SWIFT_FLAGS = "-help";
				PRODUCT_BUNDLE_IDENTIFIER = "com.example.mac-app.today-extension";
				PRODUCT_NAME = MyTodayExtension;
				SDKROOT = macosx;
				SWIFT_INSTALL_OBJC_HEADER = NO;
				SWIFT_OBJC_INTERFACE_HEADER_NAME = "$(PRODUCT_NAME).h";
				TULSI_BUILD_PATH = tulsi_e2e_mac;
				TULSI_MUST_USE_DSYM = YES;
				TULSI_SWIFT_DEPENDENCY = NO;
			};
			name = __TulsiTestRunner_Release;
		};
/* End XCBuildConfiguration section */

/* Begin XCConfigurationList section */
		DE4755830ED6DB7C00000000 /* Build configuration list for PBXNativeTarget "_idx_MyTodayExtensionSources_MyCommandLineAppSource_MyMacAppSources_F8389608_macos_min10.12" */ = {
			isa = XCConfigurationList;
			buildConfigurations = (
				44936BD67EED3C4D00000004 /* Debug */,
				44936BD6A3D45CE900000004 /* Release */,
			);
			defaultConfigurationIsVisible = 0;
		};
		DE4755832C9B8E5500000000 /* Build configuration list for PBXNativeTarget "MyCommandLineApp" */ = {
			isa = XCConfigurationList;
			buildConfigurations = (
				44936BD67EED3C4D00000001 /* Debug */,
				44936BD6A3D45CE900000001 /* Release */,
				44936BD6C928366700000001 /* __TulsiTestRunner_Debug */,
				44936BD6FCBCA00300000001 /* __TulsiTestRunner_Release */,
			);
			defaultConfigurationIsVisible = 0;
		};
		DE47558336864DFB00000000 /* Build configuration list for PBXNativeTarget "MyMacOSApp" */ = {
			isa = XCConfigurationList;
			buildConfigurations = (
				44936BD67EED3C4D00000002 /* Debug */,
				44936BD6A3D45CE900000002 /* Release */,
				44936BD6C928366700000002 /* __TulsiTestRunner_Debug */,
				44936BD6FCBCA00300000002 /* __TulsiTestRunner_Release */,
			);
			defaultConfigurationIsVisible = 0;
		};
		DE4755839935C7EB00000000 /* Build configuration list for PBXNativeTarget "MyTodayExtension" */ = {
			isa = XCConfigurationList;
			buildConfigurations = (
				44936BD67EED3C4D00000003 /* Debug */,
				44936BD6A3D45CE900000003 /* Release */,
				44936BD6C928366700000003 /* __TulsiTestRunner_Debug */,
				44936BD6FCBCA00300000003 /* __TulsiTestRunner_Release */,
			);
			defaultConfigurationIsVisible = 0;
		};
		DE4755839F69ADF100000000 /* Build configuration list for PBXProject "MacOSProject" */ = {
			isa = XCConfigurationList;
			buildConfigurations = (
				44936BD67EED3C4D00000000 /* Debug */,
				44936BD6A3D45CE900000000 /* Release */,
				44936BD6C928366700000000 /* __TulsiTestRunner_Debug */,
				44936BD6FCBCA00300000000 /* __TulsiTestRunner_Release */,
			);
			defaultConfigurationIsVisible = 0;
		};
		DE475583CA83BF7E00000000 /* Build configuration list for PBXLegacyTarget "_bazel_clean_" */ = {
			isa = XCConfigurationList;
			buildConfigurations = (
			);
			defaultConfigurationIsVisible = 0;
		};
/* End XCConfigurationList section */
	};
	rootObject = 7E7BD0EAB92C4AB700000000 /* Project object */;
}