// !$*UTF8*$!
{
  archiveVersion = 1;
  classes = {
  };
  objectVersion = 46;
  objects = {
/* Begin PBXBuildFile section */
    E6AF49471B08EDE700000000 /* main.m in srcs */ = { isa = PBXBuildFile; fileRef = 43D68C281B08EDE700000000 /* main.m */; };
    E6AF494728BF07A900000000 /* src1.mm in srcs */ = { isa = PBXBuildFile; fileRef = 43D68C2828BF07A900000000 /* src1.mm */; };
    E6AF494728BF07A900000001 /* src1.mm in srcs */ = { isa = PBXBuildFile; fileRef = 43D68C2828BF07A900000000 /* src1.mm */; };
    E6AF49472A00A0BB00000000 /* src1.m in srcs */ = { isa = PBXBuildFile; fileRef = 43D68C282A00A0BB00000000 /* src1.m */; };
    E6AF49472B7C3F7C00000000 /* src4.m in srcs */ = { isa = PBXBuildFile; fileRef = 43D68C282B7C3F7C00000000 /* src4.m */; };
    E6AF49472BBDBD3D00000000 /* src3.m in srcs */ = { isa = PBXBuildFile; fileRef = 43D68C282BBDBD3D00000000 /* src3.m */; };
    E6AF49472BC322FA00000000 /* src2.m in srcs */ = { isa = PBXBuildFile; fileRef = 43D68C282BC322FA00000000 /* src2.m */; };
    E6AF4947BA33721800000000 /* SimpleTest.xcdatamodeld in tulsi_e2e_simple */ = { isa = PBXBuildFile; fileRef = C517CBBDBA33721800000000 /* SimpleTest.xcdatamodeld */; };

/* End PBXBuildFile section */
/* Begin PBXContainerItemProxy section */
    81936672B490EC1B00000000 /* PBXContainerItemProxy */ = { isa = PBXContainerItemProxy; containerPortal = 7E7BD0EA590AA76F00000000 /* Project object */; remoteGlobalIDString = ECCC9594B490EC1A00000000 /* _bazel_clean_ */; proxyType = 1; };
    81936672B58A255F00000000 /* PBXContainerItemProxy */ = { isa = PBXContainerItemProxy; containerPortal = 7E7BD0EA590AA76F00000000 /* Project object */; remoteGlobalIDString = 3D31C5E6B58A255E00000000 /* Application */; proxyType = 1; };

/* End PBXContainerItemProxy section */
/* Begin PBXFileReference section */
    43D68C280889203F00000000 /* Assets.xcassets */ = { isa = PBXFileReference; name = "Assets.xcassets"; path = "Assets.xcassets"; sourceTree = "<group>"; lastKnownFileType = "folder.assetcatalog"; };
    43D68C281B08EDE700000000 /* main.m */ = { isa = PBXFileReference; name = "main.m"; path = "main.m"; sourceTree = "<group>"; lastKnownFileType = "sourcecode.c.objc"; };
    43D68C281D64CDC300000000 /* lib_indexer_Library_-4799450061039509283.a */ = { isa = PBXFileReference; name = "lib_indexer_Library_-4799450061039509283.a"; path = "lib_indexer_Library_-4799450061039509283.a"; sourceTree = "BUILT_PRODUCTS_DIR"; explicitFileType = "archive.ar"; };
    43D68C2828BF07A900000000 /* src1.mm */ = { isa = PBXFileReference; name = "src1.mm"; path = "src1.mm"; sourceTree = "<group>"; lastKnownFileType = "sourcecode.cpp.objcpp"; };
    43D68C282A00A0BB00000000 /* src1.m */ = { isa = PBXFileReference; name = "src1.m"; path = "src1.m"; sourceTree = "<group>"; lastKnownFileType = "sourcecode.c.objc"; };
    43D68C282B7C3F7C00000000 /* src4.m */ = { isa = PBXFileReference; name = "src4.m"; path = "src4.m"; sourceTree = "<group>"; lastKnownFileType = "sourcecode.c.objc"; };
    43D68C282BBDBD3D00000000 /* src3.m */ = { isa = PBXFileReference; name = "src3.m"; path = "src3.m"; sourceTree = "<group>"; lastKnownFileType = "sourcecode.c.objc"; };
    43D68C282BC322FA00000000 /* src2.m */ = { isa = PBXFileReference; name = "src2.m"; path = "src2.m"; sourceTree = "<group>"; lastKnownFileType = "sourcecode.c.objc"; };
    43D68C2837A5D47900000000 /* lib_indexer_Binary_4799450059964562858.a */ = { isa = PBXFileReference; name = "lib_indexer_Binary_4799450059964562858.a"; path = "lib_indexer_Binary_4799450059964562858.a"; sourceTree = "BUILT_PRODUCTS_DIR"; explicitFileType = "archive.ar"; };
    43D68C2840075BDF00000000 /* SimpleDataModelsTestv2.xcdatamodel */ = { isa = PBXFileReference; name = "SimpleDataModelsTestv2.xcdatamodel"; path = "SimpleDataModelsTestv2.xcdatamodel"; sourceTree = "<group>"; lastKnownFileType = "wrapper.xcdatamodel"; };
    43D68C285BF5223400000000 /* BUILD */ = { isa = PBXFileReference; name = BUILD; path = BUILD; sourceTree = "<group>"; };
    43D68C2863CB365D00000000 /* HdrsHeader.h */ = { isa = PBXFileReference; name = "HdrsHeader.h"; path = "HdrsHeader.h"; sourceTree = "<group>"; lastKnownFileType = "sourcecode.c.h"; };
    43D68C28A3088CC200000000 /* Launch.storyboard */ = { isa = PBXFileReference; name = "Launch.storyboard"; path = "Launch.storyboard"; sourceTree = "<group>"; lastKnownFileType = "file.storyboard"; };
    43D68C28A872D4A700000000 /* SrcsHeader.h */ = { isa = PBXFileReference; name = "SrcsHeader.h"; path = "SrcsHeader.h"; sourceTree = "<group>"; lastKnownFileType = "sourcecode.c.h"; };
    43D68C28AF13353000000000 /* XCTest.xctest */ = { isa = PBXFileReference; name = "XCTest.xctest"; path = "XCTest.xctest"; sourceTree = "BUILT_PRODUCTS_DIR"; explicitFileType = "wrapper.cfbundle"; };
    43D68C28C03B40EE00000000 /* PCHFile.pch */ = { isa = PBXFileReference; name = "PCHFile.pch"; path = "PCHFile.pch"; sourceTree = "<group>"; lastKnownFileType = "sourcecode.c.h"; };
    43D68C28C9CA518600000000 /* One.storyboard */ = { isa = PBXFileReference; name = "One.storyboard"; path = "One.storyboard"; sourceTree = "<group>"; lastKnownFileType = "file.storyboard"; };
    43D68C28DA72219400000000 /* bridging_header.h */ = { isa = PBXFileReference; name = "bridging_header.h"; path = "bridging_header.h"; sourceTree = "<group>"; lastKnownFileType = "sourcecode.c.h"; };
    43D68C28E502B90000000000 /* lib_indexer_XCTest_4799450059533471296.a */ = { isa = PBXFileReference; name = "lib_indexer_XCTest_4799450059533471296.a"; path = "lib_indexer_XCTest_4799450059533471296.a"; sourceTree = "BUILT_PRODUCTS_DIR"; explicitFileType = "archive.ar"; };
    43D68C28F34D97D800000000 /* SimpleDataModelsTestv1.xcdatamodel */ = { isa = PBXFileReference; name = "SimpleDataModelsTestv1.xcdatamodel"; path = "SimpleDataModelsTestv1.xcdatamodel"; sourceTree = "<group>"; lastKnownFileType = "wrapper.xcdatamodel"; };
    43D68C28FA482AD300000000 /* Application.app */ = { isa = PBXFileReference; name = "Application.app"; path = "Application.app"; sourceTree = "BUILT_PRODUCTS_DIR"; explicitFileType = "wrapper.application"; };

/* End PBXFileReference section */
/* Begin PBXGroup section */
    966FB6DE56C029FB00000000 /* Base.lproj */ = { isa = PBXGroup; name = "Base.lproj"; path = "Base.lproj"; sourceTree = "<group>"; children = ( 43D68C28C9CA518600000000 /* One.storyboard */, ); };
    966FB6DE5B9D018E00000000 /* srcs */ = { isa = PBXGroup; name = srcs; path = srcs; sourceTree = "<group>"; children = ( 43D68C281B08EDE700000000 /* main.m */, ); };
    966FB6DE5B9D018E00000001 /* srcs */ = { isa = PBXGroup; name = srcs; path = srcs; sourceTree = "<group>"; children = ( 43D68C28A872D4A700000000 /* SrcsHeader.h */, 43D68C282A00A0BB00000000 /* src1.m */, 43D68C282BC322FA00000000 /* src2.m */, 43D68C282BBDBD3D00000000 /* src3.m */, 43D68C282B7C3F7C00000000 /* src4.m */, ); };
    966FB6DE5B9D018E00000002 /* srcs */ = { isa = PBXGroup; name = srcs; path = srcs; sourceTree = "<group>"; children = ( 43D68C2828BF07A900000000 /* src1.mm */, ); };
    966FB6DE61BF2DA400000000 /* tulsi_e2e_simple */ = { isa = PBXGroup; name = "tulsi_e2e_simple"; path = "tulsi_e2e_simple"; sourceTree = "<group>"; children = ( 966FB6DEB58A255E00000000 /* Application */, 43D68C285BF5223400000000 /* BUILD */, 966FB6DEE2E4E10A00000000 /* Binary */, 966FB6DE94E444FD00000000 /* Library */, C517CBBDBA33721800000000 /* SimpleTest.xcdatamodeld */, 966FB6DE77973FA000000000 /* XCTest */, ); };
    966FB6DE77973FA000000000 /* XCTest */ = { isa = PBXGroup; name = XCTest; path = XCTest; sourceTree = "<group>"; children = ( 966FB6DE5B9D018E00000002 /* srcs */, ); };
    966FB6DE94E444FD00000000 /* Library */ = { isa = PBXGroup; name = Library; path = Library; sourceTree = "<group>"; children = ( 966FB6DE9DC3732400000000 /* hdrs */, 966FB6DE97917B0F00000000 /* pch */, 966FB6DE5B9D018E00000001 /* srcs */, ); };
    966FB6DE97917B0F00000000 /* pch */ = { isa = PBXGroup; name = pch; path = pch; sourceTree = "<group>"; children = ( 43D68C28C03B40EE00000000 /* PCHFile.pch */, ); };
    966FB6DE9DC3732400000000 /* hdrs */ = { isa = PBXGroup; name = hdrs; path = hdrs; sourceTree = "<group>"; children = ( 43D68C2863CB365D00000000 /* HdrsHeader.h */, ); };
    966FB6DEB58A255E00000000 /* Application */ = { isa = PBXGroup; name = Application; path = Application; sourceTree = "<group>"; children = ( 43D68C28A3088CC200000000 /* Launch.storyboard */, ); };
    966FB6DEC73D2F3C00000000 /* bridging_header */ = { isa = PBXGroup; name = "bridging_header"; path = "bridging_header"; sourceTree = "<group>"; children = ( 43D68C28DA72219400000000 /* bridging_header.h */, ); };
    966FB6DEE2E4E10A00000000 /* Binary */ = { isa = PBXGroup; name = Binary; path = Binary; sourceTree = "<group>"; children = ( 43D68C280889203F00000000 /* Assets.xcassets */, 966FB6DE56C029FB00000000 /* Base.lproj */, 966FB6DEC73D2F3C00000000 /* bridging_header */, 966FB6DE5B9D018E00000000 /* srcs */, ); };
    966FB6DEE342F69A00000000 /* mainGroup */ = { isa = PBXGroup; name = mainGroup; path = "../.."; sourceTree = "SOURCE_ROOT"; children = ( 966FB6DE61BF2DA400000000 /* tulsi_e2e_simple */, ); };

/* End PBXGroup section */
/* Begin PBXLegacyTarget section */
    ECCC9594B490EC1A00000000 /* _bazel_clean_ */ = { isa = PBXLegacyTarget; name = "_bazel_clean_"; productName = "_bazel_clean_"; dependencies = ( ); buildPhases = ( ); buildConfigurationList = DE4755830000000000000000 /* Build configuration list for PBXLegacyTarget "_bazel_clean_" */; buildArgumentsString = "\"/fake/tulsi_test_bazel\""; buildToolPath = "${PROJECT_FILE_PATH}/.tulsi/Scripts/bazel_clean.sh"; buildWorkingDirectory = "${SRCROOT}/../.."; passBuildSettingsInEnvironment = 1; };

/* End PBXLegacyTarget section */
/* Begin PBXNativeTarget section */
    3D31C5E654CA51D400000000 /* _indexer_Binary_4799450059964562858 */ = { isa = PBXNativeTarget; name = "_indexer_Binary_4799450059964562858"; productName = "_indexer_Binary_4799450059964562858"; dependencies = ( 4DAD0B42B490EC1B00000000 /* PBXTargetDependency */, ); buildPhases = ( 605793E20000000000000001 /* Sources */, ); buildConfigurationList = DE4755830000000000000004 /* Build configuration list for PBXNativeTarget "_indexer_Binary_4799450059964562858" */; productType = "com.apple.product-type.library.static"; productReference = 43D68C2837A5D47900000000 /* lib_indexer_Binary_4799450059964562858.a */; };
    3D31C5E6769397D600000000 /* _indexer_Library_-4799450061039509283 */ = { isa = PBXNativeTarget; name = "_indexer_Library_-4799450061039509283"; productName = "_indexer_Library_-4799450061039509283"; dependencies = ( 4DAD0B42B490EC1B00000000 /* PBXTargetDependency */, ); buildPhases = ( 605793E20000000000000002 /* Sources */, ); buildConfigurationList = DE4755830000000000000005 /* Build configuration list for PBXNativeTarget "_indexer_Library_-4799450061039509283" */; productType = "com.apple.product-type.library.static"; productReference = 43D68C281D64CDC300000000 /* lib_indexer_Library_-4799450061039509283.a */; };
    3D31C5E6778B622700000000 /* _indexer_XCTest_4799450059533471296 */ = { isa = PBXNativeTarget; name = "_indexer_XCTest_4799450059533471296"; productName = "_indexer_XCTest_4799450059533471296"; dependencies = ( 4DAD0B42B490EC1B00000000 /* PBXTargetDependency */, ); buildPhases = ( 605793E20000000000000003 /* Sources */, ); buildConfigurationList = DE4755830000000000000006 /* Build configuration list for PBXNativeTarget "_indexer_XCTest_4799450059533471296" */; productType = "com.apple.product-type.library.static"; productReference = 43D68C28E502B90000000000 /* lib_indexer_XCTest_4799450059533471296.a */; };
    3D31C5E677973FA000000000 /* XCTest */ = { isa = PBXNativeTarget; name = XCTest; productName = XCTest; dependencies = ( 4DAD0B42B490EC1B00000000 /* PBXTargetDependency */, 4DAD0B42B58A255F00000000 /* PBXTargetDependency */, ); buildPhases = ( 84B4227129267BD900000000 /* ShellScript */, 605793E20000000000000000 /* Sources */, ); buildConfigurationList = DE4755830000000000000002 /* Build configuration list for PBXNativeTarget "XCTest" */; productType = "com.apple.product-type.bundle.unit-test"; productReference = 43D68C28AF13353000000000 /* XCTest.xctest */; };
    3D31C5E6B58A255E00000000 /* Application */ = { isa = PBXNativeTarget; name = Application; productName = Application; dependencies = ( 4DAD0B42B490EC1B00000000 /* PBXTargetDependency */, ); buildPhases = ( 84B42271B3486AA300000000 /* ShellScript */, ); buildConfigurationList = DE4755830000000000000001 /* Build configuration list for PBXNativeTarget "Application" */; productType = "com.apple.product-type.application"; productReference = 43D68C28FA482AD300000000 /* Application.app */; };

/* End PBXNativeTarget section */
/* Begin PBXProject section */
    7E7BD0EA590AA76F00000000 /* Project object */ = { isa = PBXProject; attributes = { LastSwiftUpdateCheck = 0710; LastUpgradeCheck = 0610; TargetAttributes = { 3D31C5E677973FA000000000 = { TestTargetID = 3D31C5E6B58A255E00000000; }; }; }; buildConfigurationList = DE4755830000000000000003; compatibilityVersion = "Xcode 3.2"; mainGroup = 966FB6DEE342F69A00000000 /* mainGroup */; targets = ( 3D31C5E6B58A255E00000000 /* Application */, 3D31C5E677973FA000000000 /* XCTest */, ECCC9594B490EC1A00000000 /* _bazel_clean_ */, 3D31C5E654CA51D400000000 /* _indexer_Binary_4799450059964562858 */, 3D31C5E6769397D600000000 /* _indexer_Library_-4799450061039509283 */, 3D31C5E6778B622700000000 /* _indexer_XCTest_4799450059533471296 */, ); };

/* End PBXProject section */
/* Begin PBXShellScriptBuildPhase section */
    84B4227129267BD900000000 /* ShellScript */ = { isa = PBXShellScriptBuildPhase; files = ( ); inputPaths = ( ); outputPaths = ( ); shellPath = "/bin/bash"; shellScript = "set -e
cd \"${SRCROOT}/../..\"
. \"${PROJECT_FILE_PATH}/.tulsi/Scripts/bazel_env.sh\"
exec \"${PROJECT_FILE_PATH}/.tulsi/Scripts/bazel_build.py\" //tulsi_e2e_simple:XCTest --bazel \"/fake/tulsi_test_bazel\"  --install_generated_artifacts"; showEnvVarsInLog = 1; };
    84B42271B3486AA300000000 /* ShellScript */ = { isa = PBXShellScriptBuildPhase; files = ( ); inputPaths = ( ); outputPaths = ( ); shellPath = "/bin/bash"; shellScript = "set -e
cd \"${SRCROOT}/../..\"
. \"${PROJECT_FILE_PATH}/.tulsi/Scripts/bazel_env.sh\"
exec \"${PROJECT_FILE_PATH}/.tulsi/Scripts/bazel_build.py\" //tulsi_e2e_simple:Application --bazel \"/fake/tulsi_test_bazel\"  --install_generated_artifacts"; showEnvVarsInLog = 1; };

/* End PBXShellScriptBuildPhase section */
/* Begin PBXSourcesBuildPhase section */
    605793E20000000000000000 /* Sources */ = { isa = PBXSourcesBuildPhase; files = ( E6AF494728BF07A900000000 /* src1.mm in srcs */, ); };
    605793E20000000000000001 /* Sources */ = { isa = PBXSourcesBuildPhase; files = ( E6AF4947BA33721800000000 /* SimpleTest.xcdatamodeld in tulsi_e2e_simple */, E6AF49471B08EDE700000000 /* main.m in srcs */, ); };
    605793E20000000000000002 /* Sources */ = { isa = PBXSourcesBuildPhase; files = ( E6AF49472A00A0BB00000000 /* src1.m in srcs */, E6AF49472BC322FA00000000 /* src2.m in srcs */, E6AF49472BBDBD3D00000000 /* src3.m in srcs */, E6AF49472B7C3F7C00000000 /* src4.m in srcs */, ); };
    605793E20000000000000003 /* Sources */ = { isa = PBXSourcesBuildPhase; files = ( E6AF494728BF07A900000001 /* src1.mm in srcs */, ); };

/* End PBXSourcesBuildPhase section */
/* Begin PBXTargetDependency section */
    4DAD0B42B490EC1B00000000 /* PBXTargetDependency */ = { isa = PBXTargetDependency; targetProxy = 81936672B490EC1B00000000 /* PBXContainerItemProxy */; };
    4DAD0B42B58A255F00000000 /* PBXTargetDependency */ = { isa = PBXTargetDependency; targetProxy = 81936672B58A255F00000000 /* PBXContainerItemProxy */; };

/* End PBXTargetDependency section */
/* Begin XCBuildConfiguration section */
    44936BD63008588600000000 /* Fastbuild */ = { isa = XCBuildConfiguration; name = Fastbuild; buildSettings = { BAZEL_BINARY_DSYM = "tulsi_e2e_simple/Binary.app.dSYM"; BAZEL_BINARY_TARGET = "//tulsi_e2e_simple:Binary"; BAZEL_TARGET = "//tulsi_e2e_simple:Application"; BAZEL_TARGET_IPA = "tulsi_e2e_simple/Application.ipa"; BUILD_PATH = "tulsi_e2e_simple"; PRODUCT_NAME = Application; }; };
    44936BD63008588600000001 /* Fastbuild */ = { isa = XCBuildConfiguration; name = Fastbuild; buildSettings = { BAZEL_TARGET = "//tulsi_e2e_simple:XCTest"; BAZEL_TARGET_IPA = "tulsi_e2e_simple/XCTest.ipa"; BUILD_PATH = "tulsi_e2e_simple"; BUNDLE_LOADER = "$(TEST_HOST)"; HEADER_SEARCH_PATHS = "$(inherited) ${SRCROOT}/../../tulsi_e2e_simple/Binary/includes"; OTHER_CFLAGS = "-DBINARY_ADDITIONAL_DEFINE -DBINARY_ANOTHER_DEFINE=2 -DLIBRARY_DEFINES_DEFINE=1"; PRODUCT_NAME = XCTest; TEST_HOST = "$(BUILT_PRODUCTS_DIR)/Application.app/Application"; }; };
    44936BD63008588600000002 /* Fastbuild */ = { isa = XCBuildConfiguration; name = Fastbuild; buildSettings = { ALWAYS_SEARCH_USER_PATHS = NO; CODE_SIGNING_REQUIRED = NO; CODE_SIGN_IDENTITY = ""; ENABLE_TESTABILITY = YES; HEADER_SEARCH_PATHS = "${SRCROOT}/../.."; IPHONEOS_DEPLOYMENT_TARGET = "8.4"; ONLY_ACTIVE_ARCH = YES; SDKROOT = iphoneos; }; };
    44936BD63008588600000003 /* Fastbuild */ = { isa = XCBuildConfiguration; name = Fastbuild; buildSettings = { HEADER_SEARCH_PATHS = "$(inherited) ${SRCROOT}/../../tulsi_e2e_simple/Binary/includes"; OTHER_CFLAGS = "-DBINARY_ADDITIONAL_DEFINE -DBINARY_ANOTHER_DEFINE=2 -DLIBRARY_DEFINES_DEFINE=1"; PRODUCT_NAME = "_indexer_Binary_4799450059964562858"; SWIFT_OBJC_BRIDGING_HEADER = "$(SRCROOT)/tulsi_e2e_simple/Binary/bridging_header/bridging_header.h"; }; };
    44936BD63008588600000004 /* Fastbuild */ = { isa = XCBuildConfiguration; name = Fastbuild; buildSettings = { GCC_PREFIX_HEADER = "$(SRCROOT)/tulsi_e2e_simple/Library/pch/PCHFile.pch"; HEADER_SEARCH_PATHS = "$(inherited) /Library/absolute/include/path ${SRCROOT}/../../relative/Library/include/path"; OTHER_CFLAGS = "-DLIBRARY_COPT_DEFINE -DLIBRARY_DEFINES_DEFINE=1"; PRODUCT_NAME = "_indexer_Library_-4799450061039509283"; }; };
    44936BD63008588600000005 /* Fastbuild */ = { isa = XCBuildConfiguration; name = Fastbuild; buildSettings = { HEADER_SEARCH_PATHS = "$(inherited) ${SRCROOT}/../../tulsi_e2e_simple/Binary/includes"; OTHER_CFLAGS = "-DBINARY_ADDITIONAL_DEFINE -DBINARY_ANOTHER_DEFINE=2 -DLIBRARY_DEFINES_DEFINE=1"; PRODUCT_NAME = "_indexer_XCTest_4799450059533471296"; }; };
    44936BD67EED3C4D00000000 /* Debug */ = { isa = XCBuildConfiguration; name = Debug; buildSettings = { BAZEL_BINARY_DSYM = "tulsi_e2e_simple/Binary.app.dSYM"; BAZEL_BINARY_TARGET = "//tulsi_e2e_simple:Binary"; BAZEL_TARGET = "//tulsi_e2e_simple:Application"; BAZEL_TARGET_IPA = "tulsi_e2e_simple/Application.ipa"; BUILD_PATH = "tulsi_e2e_simple"; PRODUCT_NAME = Application; }; };
    44936BD67EED3C4D00000001 /* Debug */ = { isa = XCBuildConfiguration; name = Debug; buildSettings = { BAZEL_TARGET = "//tulsi_e2e_simple:XCTest"; BAZEL_TARGET_IPA = "tulsi_e2e_simple/XCTest.ipa"; BUILD_PATH = "tulsi_e2e_simple"; BUNDLE_LOADER = "$(TEST_HOST)"; HEADER_SEARCH_PATHS = "$(inherited) ${SRCROOT}/../../tulsi_e2e_simple/Binary/includes"; OTHER_CFLAGS = "-DBINARY_ADDITIONAL_DEFINE -DBINARY_ANOTHER_DEFINE=2 -DLIBRARY_DEFINES_DEFINE=1"; PRODUCT_NAME = XCTest; TEST_HOST = "$(BUILT_PRODUCTS_DIR)/Application.app/Application"; }; };
    44936BD67EED3C4D00000002 /* Debug */ = { isa = XCBuildConfiguration; name = Debug; buildSettings = { ALWAYS_SEARCH_USER_PATHS = NO; CODE_SIGNING_REQUIRED = NO; CODE_SIGN_IDENTITY = ""; ENABLE_TESTABILITY = YES; HEADER_SEARCH_PATHS = "${SRCROOT}/../.."; IPHONEOS_DEPLOYMENT_TARGET = "8.4"; ONLY_ACTIVE_ARCH = YES; SDKROOT = iphoneos; }; };
    44936BD67EED3C4D00000003 /* Debug */ = { isa = XCBuildConfiguration; name = Debug; buildSettings = { HEADER_SEARCH_PATHS = "$(inherited) ${SRCROOT}/../../tulsi_e2e_simple/Binary/includes"; OTHER_CFLAGS = "-DBINARY_ADDITIONAL_DEFINE -DBINARY_ANOTHER_DEFINE=2 -DLIBRARY_DEFINES_DEFINE=1"; PRODUCT_NAME = "_indexer_Binary_4799450059964562858"; SWIFT_OBJC_BRIDGING_HEADER = "$(SRCROOT)/tulsi_e2e_simple/Binary/bridging_header/bridging_header.h"; }; };
    44936BD67EED3C4D00000004 /* Debug */ = { isa = XCBuildConfiguration; name = Debug; buildSettings = { GCC_PREFIX_HEADER = "$(SRCROOT)/tulsi_e2e_simple/Library/pch/PCHFile.pch"; HEADER_SEARCH_PATHS = "$(inherited) /Library/absolute/include/path ${SRCROOT}/../../relative/Library/include/path"; OTHER_CFLAGS = "-DLIBRARY_COPT_DEFINE -DLIBRARY_DEFINES_DEFINE=1"; PRODUCT_NAME = "_indexer_Library_-4799450061039509283"; }; };
    44936BD67EED3C4D00000005 /* Debug */ = { isa = XCBuildConfiguration; name = Debug; buildSettings = { HEADER_SEARCH_PATHS = "$(inherited) ${SRCROOT}/../../tulsi_e2e_simple/Binary/includes"; OTHER_CFLAGS = "-DBINARY_ADDITIONAL_DEFINE -DBINARY_ANOTHER_DEFINE=2 -DLIBRARY_DEFINES_DEFINE=1"; PRODUCT_NAME = "_indexer_XCTest_4799450059533471296"; }; };
    44936BD6A3D45CE900000000 /* Release */ = { isa = XCBuildConfiguration; name = Release; buildSettings = { BAZEL_BINARY_DSYM = "tulsi_e2e_simple/Binary.app.dSYM"; BAZEL_BINARY_TARGET = "//tulsi_e2e_simple:Binary"; BAZEL_TARGET = "//tulsi_e2e_simple:Application"; BAZEL_TARGET_IPA = "tulsi_e2e_simple/Application.ipa"; BUILD_PATH = "tulsi_e2e_simple"; PRODUCT_NAME = Application; }; };
    44936BD6A3D45CE900000001 /* Release */ = { isa = XCBuildConfiguration; name = Release; buildSettings = { BAZEL_TARGET = "//tulsi_e2e_simple:XCTest"; BAZEL_TARGET_IPA = "tulsi_e2e_simple/XCTest.ipa"; BUILD_PATH = "tulsi_e2e_simple"; BUNDLE_LOADER = "$(TEST_HOST)"; HEADER_SEARCH_PATHS = "$(inherited) ${SRCROOT}/../../tulsi_e2e_simple/Binary/includes"; OTHER_CFLAGS = "-DBINARY_ADDITIONAL_DEFINE -DBINARY_ANOTHER_DEFINE=2 -DLIBRARY_DEFINES_DEFINE=1"; PRODUCT_NAME = XCTest; TEST_HOST = "$(BUILT_PRODUCTS_DIR)/Application.app/Application"; }; };
    44936BD6A3D45CE900000002 /* Release */ = { isa = XCBuildConfiguration; name = Release; buildSettings = { ALWAYS_SEARCH_USER_PATHS = NO; CODE_SIGNING_REQUIRED = NO; CODE_SIGN_IDENTITY = ""; ENABLE_TESTABILITY = YES; HEADER_SEARCH_PATHS = "${SRCROOT}/../.."; IPHONEOS_DEPLOYMENT_TARGET = "8.4"; ONLY_ACTIVE_ARCH = YES; SDKROOT = iphoneos; }; };
    44936BD6A3D45CE900000003 /* Release */ = { isa = XCBuildConfiguration; name = Release; buildSettings = { HEADER_SEARCH_PATHS = "$(inherited) ${SRCROOT}/../../tulsi_e2e_simple/Binary/includes"; OTHER_CFLAGS = "-DBINARY_ADDITIONAL_DEFINE -DBINARY_ANOTHER_DEFINE=2 -DLIBRARY_DEFINES_DEFINE=1"; PRODUCT_NAME = "_indexer_Binary_4799450059964562858"; SWIFT_OBJC_BRIDGING_HEADER = "$(SRCROOT)/tulsi_e2e_simple/Binary/bridging_header/bridging_header.h"; }; };
    44936BD6A3D45CE900000004 /* Release */ = { isa = XCBuildConfiguration; name = Release; buildSettings = { GCC_PREFIX_HEADER = "$(SRCROOT)/tulsi_e2e_simple/Library/pch/PCHFile.pch"; HEADER_SEARCH_PATHS = "$(inherited) /Library/absolute/include/path ${SRCROOT}/../../relative/Library/include/path"; OTHER_CFLAGS = "-DLIBRARY_COPT_DEFINE -DLIBRARY_DEFINES_DEFINE=1"; PRODUCT_NAME = "_indexer_Library_-4799450061039509283"; }; };
    44936BD6A3D45CE900000005 /* Release */ = { isa = XCBuildConfiguration; name = Release; buildSettings = { HEADER_SEARCH_PATHS = "$(inherited) ${SRCROOT}/../../tulsi_e2e_simple/Binary/includes"; OTHER_CFLAGS = "-DBINARY_ADDITIONAL_DEFINE -DBINARY_ANOTHER_DEFINE=2 -DLIBRARY_DEFINES_DEFINE=1"; PRODUCT_NAME = "_indexer_XCTest_4799450059533471296"; }; };
    44936BD6C928366700000000 /* __TulsiTestRunner_Debug */ = { isa = XCBuildConfiguration; name = "__TulsiTestRunner_Debug"; buildSettings = { BAZEL_BINARY_DSYM = "tulsi_e2e_simple/Binary.app.dSYM"; BAZEL_BINARY_TARGET = "//tulsi_e2e_simple:Binary"; BAZEL_TARGET = "//tulsi_e2e_simple:Application"; BAZEL_TARGET_IPA = "tulsi_e2e_simple/Application.ipa"; BUILD_PATH = "tulsi_e2e_simple"; DEBUG_INFORMATION_FORMAT = dwarf; ONLY_ACTIVE_ARCH = YES; OTHER_CFLAGS = "-help"; OTHER_LDFLAGS = "-help"; PRODUCT_NAME = Application; }; };
    44936BD6C928366700000001 /* __TulsiTestRunner_Debug */ = { isa = XCBuildConfiguration; name = "__TulsiTestRunner_Debug"; buildSettings = { BAZEL_TARGET = "//tulsi_e2e_simple:XCTest"; BAZEL_TARGET_IPA = "tulsi_e2e_simple/XCTest.ipa"; BUILD_PATH = "tulsi_e2e_simple"; BUNDLE_LOADER = "$(TEST_HOST)"; DEBUG_INFORMATION_FORMAT = dwarf; HEADER_SEARCH_PATHS = "$(inherited) ${SRCROOT}/../../tulsi_e2e_simple/Binary/includes"; ONLY_ACTIVE_ARCH = YES; OTHER_CFLAGS = "-help"; OTHER_LDFLAGS = "-help"; PRODUCT_NAME = XCTest; TEST_HOST = "$(BUILT_PRODUCTS_DIR)/Application.app/Application"; }; };
    44936BD6C928366700000002 /* __TulsiTestRunner_Debug */ = { isa = XCBuildConfiguration; name = "__TulsiTestRunner_Debug"; buildSettings = { ALWAYS_SEARCH_USER_PATHS = NO; CODE_SIGNING_REQUIRED = NO; CODE_SIGN_IDENTITY = ""; DEBUG_INFORMATION_FORMAT = dwarf; ENABLE_TESTABILITY = YES; HEADER_SEARCH_PATHS = "${SRCROOT}/../.."; IPHONEOS_DEPLOYMENT_TARGET = "8.4"; ONLY_ACTIVE_ARCH = YES; OTHER_CFLAGS = "-help"; OTHER_LDFLAGS = "-help"; SDKROOT = iphoneos; }; };
    44936BD6FCBCA00300000000 /* __TulsiTestRunner_Release */ = { isa = XCBuildConfiguration; name = "__TulsiTestRunner_Release"; buildSettings = { BAZEL_BINARY_DSYM = "tulsi_e2e_simple/Binary.app.dSYM"; BAZEL_BINARY_TARGET = "//tulsi_e2e_simple:Binary"; BAZEL_TARGET = "//tulsi_e2e_simple:Application"; BAZEL_TARGET_IPA = "tulsi_e2e_simple/Application.ipa"; BUILD_PATH = "tulsi_e2e_simple"; DEBUG_INFORMATION_FORMAT = dwarf; ONLY_ACTIVE_ARCH = YES; OTHER_CFLAGS = "-help"; OTHER_LDFLAGS = "-help"; PRODUCT_NAME = Application; }; };
    44936BD6FCBCA00300000001 /* __TulsiTestRunner_Release */ = { isa = XCBuildConfiguration; name = "__TulsiTestRunner_Release"; buildSettings = { BAZEL_TARGET = "//tulsi_e2e_simple:XCTest"; BAZEL_TARGET_IPA = "tulsi_e2e_simple/XCTest.ipa"; BUILD_PATH = "tulsi_e2e_simple"; BUNDLE_LOADER = "$(TEST_HOST)"; DEBUG_INFORMATION_FORMAT = dwarf; HEADER_SEARCH_PATHS = "$(inherited) ${SRCROOT}/../../tulsi_e2e_simple/Binary/includes"; ONLY_ACTIVE_ARCH = YES; OTHER_CFLAGS = "-help"; OTHER_LDFLAGS = "-help"; PRODUCT_NAME = XCTest; TEST_HOST = "$(BUILT_PRODUCTS_DIR)/Application.app/Application"; }; };
    44936BD6FCBCA00300000002 /* __TulsiTestRunner_Release */ = { isa = XCBuildConfiguration; name = "__TulsiTestRunner_Release"; buildSettings = { ALWAYS_SEARCH_USER_PATHS = NO; CODE_SIGNING_REQUIRED = NO; CODE_SIGN_IDENTITY = ""; DEBUG_INFORMATION_FORMAT = dwarf; ENABLE_TESTABILITY = YES; HEADER_SEARCH_PATHS = "${SRCROOT}/../.."; IPHONEOS_DEPLOYMENT_TARGET = "8.4"; ONLY_ACTIVE_ARCH = YES; OTHER_CFLAGS = "-help"; OTHER_LDFLAGS = "-help"; SDKROOT = iphoneos; }; };

/* End XCBuildConfiguration section */
/* Begin XCConfigurationList section */
    DE4755830000000000000000 /* Build configuration list for PBXLegacyTarget "_bazel_clean_" */ = { isa = XCConfigurationList; buildConfigurations = ( ); };
    DE4755830000000000000001 /* Build configuration list for PBXNativeTarget "Application" */ = { isa = XCConfigurationList; buildConfigurations = ( 44936BD67EED3C4D00000000 /* Debug */, 44936BD63008588600000000 /* Fastbuild */, 44936BD6A3D45CE900000000 /* Release */, 44936BD6C928366700000000 /* __TulsiTestRunner_Debug */, 44936BD6FCBCA00300000000 /* __TulsiTestRunner_Release */, ); };
    DE4755830000000000000002 /* Build configuration list for PBXNativeTarget "XCTest" */ = { isa = XCConfigurationList; buildConfigurations = ( 44936BD67EED3C4D00000001 /* Debug */, 44936BD63008588600000001 /* Fastbuild */, 44936BD6A3D45CE900000001 /* Release */, 44936BD6C928366700000001 /* __TulsiTestRunner_Debug */, 44936BD6FCBCA00300000001 /* __TulsiTestRunner_Release */, ); };
    DE4755830000000000000003 = { isa = XCConfigurationList; buildConfigurations = ( 44936BD67EED3C4D00000002 /* Debug */, 44936BD63008588600000002 /* Fastbuild */, 44936BD6A3D45CE900000002 /* Release */, 44936BD6C928366700000002 /* __TulsiTestRunner_Debug */, 44936BD6FCBCA00300000002 /* __TulsiTestRunner_Release */, ); };
    DE4755830000000000000004 /* Build configuration list for PBXNativeTarget "_indexer_Binary_4799450059964562858" */ = { isa = XCConfigurationList; buildConfigurations = ( 44936BD67EED3C4D00000003 /* Debug */, 44936BD63008588600000003 /* Fastbuild */, 44936BD6A3D45CE900000003 /* Release */, ); };
    DE4755830000000000000005 /* Build configuration list for PBXNativeTarget "_indexer_Library_-4799450061039509283" */ = { isa = XCConfigurationList; buildConfigurations = ( 44936BD67EED3C4D00000004 /* Debug */, 44936BD63008588600000004 /* Fastbuild */, 44936BD6A3D45CE900000004 /* Release */, ); };
    DE4755830000000000000006 /* Build configuration list for PBXNativeTarget "_indexer_XCTest_4799450059533471296" */ = { isa = XCConfigurationList; buildConfigurations = ( 44936BD67EED3C4D00000005 /* Debug */, 44936BD63008588600000005 /* Fastbuild */, 44936BD6A3D45CE900000005 /* Release */, ); };

/* End XCConfigurationList section */
/* Begin XCVersionGroup section */
    C517CBBDBA33721800000000 /* SimpleTest.xcdatamodeld */ = { isa = XCVersionGroup; name = "SimpleTest.xcdatamodeld"; path = "SimpleTest.xcdatamodeld"; sourceTree = "<group>"; children = ( 43D68C28F34D97D800000000 /* SimpleDataModelsTestv1.xcdatamodel */, 43D68C2840075BDF00000000 /* SimpleDataModelsTestv2.xcdatamodel */, ); currentVersion = 43D68C28F34D97D800000000 /* SimpleDataModelsTestv1.xcdatamodel */; versionGroupType = "wrapper.xcdatamodel"; };

/* End XCVersionGroup section */
  };
  rootObject = 7E7BD0EA590AA76F00000000 /* Project object */;
}